<?xml version="1.0" encoding="utf-8"?>
<Project ToolsVersion="4.0" xmlns="http://schemas.microsoft.com/developer/msbuild/2003">
  <ItemGroup>
    <Filter Include="Source Files">
      <UniqueIdentifier>{4FC737F1-C7A5-4376-A066-2A32D752A2FF}</UniqueIdentifier>
      <Extensions>cpp;c;cc;cxx;def;odl;idl;hpj;bat;asm;asmx</Extensions>
    </Filter>
    <Filter Include="Header Files">
      <UniqueIdentifier>{93995380-89BD-4b04-88EB-625FBE52EBFB}</UniqueIdentifier>
      <Extensions>h;hpp;hxx;hm;inl;inc;xsd</Extensions>
    </Filter>
    <Filter Include="Resource Files">
      <UniqueIdentifier>{67DA6AB6-F800-4c08-8B7A-83BB121AAD01}</UniqueIdentifier>
      <Extensions>rc;ico;cur;bmp;dlg;rc2;rct;bin;rgs;gif;jpg;jpeg;jpe;resx;tiff;tif;png;wav;mfcribbon-ms</Extensions>
    </Filter>
  </ItemGroup>
  <ItemGroup>
    <ClCompile Include="..\common\juce_VST-MA_Wrapper.cpp">
      <Filter>Source Files</Filter>
    </ClCompile>
    <ClCompile Include="..\..\VSTModuleArchitectureSDK\public.sdk\source\common\linkedlist.cpp">
      <Filter>Source Files</Filter>
    </ClCompile>
    <ClCompile Include="..\..\VSTModuleArchitectureSDK\public.sdk\source\common\plugguieditor.cpp">
      <Filter>Source Files</Filter>
    </ClCompile>
    <ClCompile Include="..\..\VSTModuleArchitectureSDK\public.sdk\source\common\pluginfactory.cpp">
      <Filter>Source Files</Filter>
    </ClCompile>
    <ClCompile Include="..\..\VSTModuleArchitectureSDK\public.sdk\source\common\pluginview.cpp">
      <Filter>Source Files</Filter>
    </ClCompile>
    <ClCompile Include="..\..\VSTModuleArchitectureSDK\public.sdk\source\common\plugparams.cpp">
      <Filter>Source Files</Filter>
    </ClCompile>
    <ClCompile Include="..\..\VSTModuleArchitectureSDK\public.sdk\source\common\plugxmlgui.cpp">
      <Filter>Source Files</Filter>
    </ClCompile>
    <ClCompile Include="..\..\VSTModuleArchitectureSDK\public.sdk\source\main\dllmain.cpp">
      <Filter>Source Files</Filter>
    </ClCompile>
    <ClCompile Include="..\..\VSTModuleArchitectureSDK\public.sdk\source\main\macmain.cpp">
      <Filter>Source Files</Filter>
    </ClCompile>
    <ClCompile Include="..\..\VSTModuleArchitectureSDK\public.sdk\source\midi\eventqueue.cpp">
      <Filter>Source Files</Filter>
    </ClCompile>
    <ClCompile Include="..\..\VSTModuleArchitectureSDK\public.sdk\source\midi\midieffect.cpp">
      <Filter>Source Files</Filter>
    </ClCompile>
    <ClCompile Include="..\..\VSTModuleArchitectureSDK\pluginterfaces\base\funknown.cpp">
      <Filter>Source Files</Filter>
    </ClCompile>
  </ItemGroup>
  <ItemGroup>
    <ClInclude Include="..\..\VSTModuleArchitectureSDK\public.sdk\source\common\linkedlist.h">
      <Filter>Header Files</Filter>
    </ClInclude>
    <ClInclude Include="..\..\VSTModuleArchitectureSDK\public.sdk\source\common\plugguieditor.h">
      <Filter>Header Files</Filter>
    </ClInclude>
    <ClInclude Include="..\..\VSTModuleArchitectureSDK\public.sdk\source\common\pluginfactory.h">
      <Filter>Header Files</Filter>
    </ClInclude>
    <ClInclude Include="..\..\VSTModuleArchitectureSDK\public.sdk\source\common\pluginview.h">
      <Filter>Header Files</Filter>
    </ClInclude>
    <ClInclude Include="..\..\VSTModuleArchitectureSDK\public.sdk\source\common\plugparams.h">
      <Filter>Header Files</Filter>
    </ClInclude>
    <ClInclude Include="..\..\VSTModuleArchitectureSDK\public.sdk\source\common\plugxmlgui.h">
      <Filter>Header Files</Filter>
    </ClInclude>
    <ClInclude Include="..\..\VSTModuleArchitectureSDK\public.sdk\source\midi\eventqueue.h">
      <Filter>Header Files</Filter>
    </ClInclude>
    <ClInclude Include="..\..\VSTModuleArchitectureSDK\public.sdk\source\midi\midieffect.h">
      <Filter>Header Files</Filter>
    </ClInclude>
    <ClInclude Include="..\..\VSTModuleArchitectureSDK\pluginterfaces\base\funknown.h">
      <Filter>Header Files</Filter>
    </ClInclude>
    <ClInclude Include="..\..\VSTModuleArchitectureSDK\pluginterfaces\base\ipluginbase.h">
      <Filter>Header Files</Filter>
    </ClInclude>
    <ClInclude Include="..\..\VSTModuleArchitectureSDK\pluginterfaces\base\iplugstorage.h">
      <Filter>Header Files</Filter>
    </ClInclude>
    <ClInclude Include="..\..\VSTModuleArchitectureSDK\pluginterfaces\base\plugkeycodes.h">
      <Filter>Header Files</Filter>
    </ClInclude>
    <ClInclude Include="..\..\VSTModuleArchitectureSDK\pluginterfaces\gui\iplugparams.h">
      <Filter>Header Files</Filter>
    </ClInclude>
    <ClInclude Include="..\..\VSTModuleArchitectureSDK\pluginterfaces\gui\iplugui.h">
      <Filter>Header Files</Filter>
    </ClInclude>
    <ClInclude Include="..\..\VSTModuleArchitectureSDK\pluginterfaces\host\iguicontroller.h">
      <Filter>Header Files</Filter>
    </ClInclude>
    <ClInclude Include="..\..\VSTModuleArchitectureSDK\pluginterfaces\host\ihostapplication.h">
      <Filter>Header Files</Filter>
    </ClInclude>
    <ClInclude Include="..\..\VSTModuleArchitectureSDK\pluginterfaces\midi\imidieffect.h">
      <Filter>Header Files</Filter>
    </ClInclude>
    <ClInclude Include="JucePluginCharacteristics.h">
      <Filter>Source Files</Filter>
    </ClInclude>
  </ItemGroup>
</Project>