Microsoft Visual Studio Solution File, Format Version 10.00
# Visual C++ Express 2008
Project("{5CB1F0EA-CE63-3E04-998D-A72958A77885}") = "midiPCGUI", "midiPCGUI.vcproj", "{AAA0A308-F6D3-C7F9-5B2E-DF7BDE3E72AE}"
EndProject
Global
	GlobalSection(SolutionConfigurationPlatforms) = preSolution
		Debug|Win32 = Debug|Win32
		Release|Win32 = Release|Win32
	EndGlobalSection
	GlobalSection(ProjectConfigurationPlatforms) = postSolution
		{AAA0A308-F6D3-C7F9-5B2E-DF7BDE3E72AE}.Debug|Win32.ActiveCfg = Debug|Win32
		{AAA0A308-F6D3-C7F9-5B2E-DF7BDE3E72AE}.Debug|Win32.Build.0 = Debug|Win32
		{AAA0A308-F6D3-C7F9-5B2E-DF7BDE3E72AE}.Release|Win32.ActiveCfg = Release|Win32
		{AAA0A308-F6D3-C7F9-5B2E-DF7BDE3E72AE}.Release|Win32.Build.0 = Release|Win32
	EndGlobalSection
	GlobalSection(SolutionProperties) = preSolution
		HideSolutionNode = FALSE
	EndGlobalSection
EndGlobal
