
Microsoft Visual Studio Solution File, Format Version 11.00
# Visual C++ Express 2010
Project("{8BC9CEB8-8B4A-11D0-8D11-00A0C91BC942}") = "midi2qwerty16", "midi2qwerty16\midi2qwerty.vcxproj", "{7C24102A-DD10-466E-9CD2-2C46BC851362}"
EndProject
Project("{8BC9CEB8-8B4A-11D0-8D11-00A0C91BC942}") = "midi16CCRouter", "midi16CCRouter\midi16CCRouter.vcxproj", "{5E996489-090C-4252-B3E6-40444239530A}"
EndProject
Project("{8BC9CEB8-8B4A-11D0-8D11-00A0C91BC942}") = "midiAlias", "midiAlias\midiAlias.vcxproj", "{F6526A49-23BB-410A-A2BB-0E163696E75E}"
EndProject
Project("{8BC9CEB8-8B4A-11D0-8D11-00A0C91BC942}") = "midiAudioToCC", "midiAudioToCC\midiAudioToCC.vcxproj", "{3D41F04E-C14B-4384-873E-F3FA86741F85}"
EndProject
Project("{8BC9CEB8-8B4A-11D0-8D11-00A0C91BC942}") = "midiBlackKeyFilter", "midiBlackKeyFilter\midiBlackKeyFilter.vcxproj", "{278D8F86-8423-4043-9744-49DFAFEEAD0C}"
EndProject
Project("{8BC9CEB8-8B4A-11D0-8D11-00A0C91BC942}") = "midiCCModulator", "midiCCModulator\midiCCModulator.vcxproj", "{9FCDD9BD-C91E-4DCB-B7AC-B39C64F9147F}"
EndProject
Project("{8BC9CEB8-8B4A-11D0-8D11-00A0C91BC942}") = "midiCCReset", "midiCCReset\midiCCReset.vcxproj", "{94C04A24-F6FF-4E6F-B0BF-E5BA8254AAD8}"
EndProject
Project("{8BC9CEB8-8B4A-11D0-8D11-00A0C91BC942}") = "midiCCStepper", "midiCCStepper\midiCCStepper.vcxproj", "{D627DBEB-A119-4BFE-9A38-6A2248FA4FEF}"
EndProject
Project("{8BC9CEB8-8B4A-11D0-8D11-00A0C91BC942}") = "midiCCToggle", "midiCCToggle\midiCCToggle.vcxproj", "{1EB09AE5-DC5B-4C24-B6C0-CC4A8E7F7330}"
EndProject
Project("{8BC9CEB8-8B4A-11D0-8D11-00A0C91BC942}") = "midiChannelFilter", "midiChannelFilter\midiChannelFilter.vcxproj", "{E9EA1996-27A8-4E2D-A1FE-B4CD10A6A588}"
EndProject
Project("{8BC9CEB8-8B4A-11D0-8D11-00A0C91BC942}") = "midiChannelize", "midiChannelize\midiChannelize.vcxproj", "{59248302-52E0-4CC0-9BBE-E475BA4A9B41}"
EndProject
Project("{8BC9CEB8-8B4A-11D0-8D11-00A0C91BC942}") = "midiChordHold", "midiChordHold\midiChordHold.vcxproj", "{BF123BA7-A4B1-47A3-976B-D9E553129E0C}"
EndProject
Project("{8BC9CEB8-8B4A-11D0-8D11-00A0C91BC942}") = "midiChs_noGUI", "midiChs_noGUI\midiChs_noGUI.vcxproj", "{231A361A-8AFD-4D91-BC5E-1711F058CFD3}"
EndProject
Project("{8BC9CEB8-8B4A-11D0-8D11-00A0C91BC942}") = "midiConverter3", "midiConverter3\midiConverter.vcxproj", "{79D41EB5-65E7-41A7-ADA7-7F8F95EB6E39}"
EndProject
Project("{8BC9CEB8-8B4A-11D0-8D11-00A0C91BC942}") = "midiDelay", "midiDelay\midiDelay.vcxproj", "{AA4BC83E-6C73-4C3F-B003-45B3B083F587}"
EndProject
Project("{8BC9CEB8-8B4A-11D0-8D11-00A0C91BC942}") = "midiDuplicateBlocker", "midiDuplicateBlocker\midiDuplicateBlocker.vcxproj", "{6A2A3ED2-FD2F-46CF-8D0C-62ECB24CC50A}"
EndProject
Project("{8BC9CEB8-8B4A-11D0-8D11-00A0C91BC942}") = "midiExactDelay", "midiExactDelay\midiSimpleDelay.vcxproj", "{2070AEBC-B993-4BBD-864E-C49EB27F9CCC}"
EndProject
Project("{8BC9CEB8-8B4A-11D0-8D11-00A0C91BC942}") = "midiFingered", "midiFingered\midiFingered.vcxproj", "{C10D969A-9B6F-41AC-9500-7E0A89BEB8D8}"
EndProject
Project("{8BC9CEB8-8B4A-11D0-8D11-00A0C91BC942}") = "midiForceToKey", "midiForceToKey\midiForceToKey.vcxproj", "{A7B7A165-7F9F-42DE-8CB0-B67DAF0259C1}"
EndProject
Project("{8BC9CEB8-8B4A-11D0-8D11-00A0C91BC942}") = "midiForceToRange", "midiForceToRange\midiForceToRange.vcxproj", "{86EA3CD4-DF8A-438B-9135-1B8CCB0DC804}"
EndProject
Project("{8BC9CEB8-8B4A-11D0-8D11-00A0C91BC942}") = "midiInvertNotes", "midiInvertNotes\midiInvertNotes.vcxproj", "{EC3D68A8-C1CF-4164-B9C3-7BA6E2C089DB}"
EndProject
Project("{8BC9CEB8-8B4A-11D0-8D11-00A0C91BC942}") = "midiKeySplit", "midiKeySplit\midiKeySplit.vcxproj", "{86D2DBCA-7A53-4BA1-BAA7-A1ABB426BD0C}"
EndProject
Project("{8BC9CEB8-8B4A-11D0-8D11-00A0C91BC942}") = "midiKeySplit4", "midiKeySplit4\midiKeySplit4.vcxproj", "{A421C854-F37B-4B3F-B358-FF34FDEE0376}"
EndProject
Project("{8BC9CEB8-8B4A-11D0-8D11-00A0C91BC942}") = "midiNotchFilter", "midiNotchFilter\midiNotchFilter.vcxproj", "{19113C7B-3C9D-4E07-AFFA-0908C7AFC65B}"
EndProject
Project("{8BC9CEB8-8B4A-11D0-8D11-00A0C91BC942}") = "midiNoteGroups", "midiNoteGroups\midiNoteGroups.vcxproj", "{D27D4C6E-9608-41A7-81B7-C4EB8B1EE13F}"
EndProject
Project("{8BC9CEB8-8B4A-11D0-8D11-00A0C91BC942}") = "midiNoteToggle", "midiNoteToggle\midiNoteToggle.vcxproj", "{FCAE6C26-0FA4-48FC-BFF1-C180D52075D4}"
EndProject
Project("{8BC9CEB8-8B4A-11D0-8D11-00A0C91BC942}") = "midiNRPNConverter", "midiNRPNConverter\midiNPRNToCC.vcxproj", "{A15C0E72-0473-46C0-B5AD-9A462AB66AEA}"
EndProject
Project("{8BC9CEB8-8B4A-11D0-8D11-00A0C91BC942}") = "midiOverlappingNoteKiller", "midiOverlappingNoteKiller\midiOverlappingNoteKiller.vcxproj", "{10E41BA9-F68A-461D-88DD-DF82892FC4A2}"
EndProject
Project("{8BC9CEB8-8B4A-11D0-8D11-00A0C91BC942}") = "midiPitchBendQuantize", "midiPitchBendQuantize\midiPitchBendQuantize.vcxproj", "{BACC3A6F-7D52-4B96-8850-D666C68CB71C}"
EndProject
Project("{8BC9CEB8-8B4A-11D0-8D11-00A0C91BC942}") = "midiPitchBendToNotes", "midiPitchBendToNotes\midiPitchBendToNotes.vcxproj", "{391ED733-0F12-4661-A2B4-41B484DA7940}"
EndProject
Project("{8BC9CEB8-8B4A-11D0-8D11-00A0C91BC942}") = "midiPolyphony", "midiPolyphony\midiPolyphony.vcxproj", "{D4C7C5FE-F88A-4B8F-939E-789E554A23A7}"
EndProject
Project("{8BC9CEB8-8B4A-11D0-8D11-00A0C91BC942}") = "midiProbability", "midiProbability\midiProbability.vcxproj", "{B1CAC366-974B-4625-81D2-2FD6A379A0FD}"
EndProject
Project("{8BC9CEB8-8B4A-11D0-8D11-00A0C91BC942}") = "midiProgramChange", "midiProgramChange\midiProgramChange.vcxproj", "{FD0BFFCC-B763-4CA5-920A-62AE4E0E38AE}"
EndProject
Project("{8BC9CEB8-8B4A-11D0-8D11-00A0C91BC942}") = "midiScaleChanger", "midiScaleChanger\midiScaleChanger.vcxproj", "{CD862565-6AED-4169-8DAE-ACD4612DB484}"
EndProject
Project("{8BC9CEB8-8B4A-11D0-8D11-00A0C91BC942}") = "midiSimpleLFO", "midiSimpleLFO\midiSimpleLFO.vcxproj", "{307A0ADC-9889-4A22-BEB7-E550F4C38EE6}"
EndProject
Project("{8BC9CEB8-8B4A-11D0-8D11-00A0C91BC942}") = "midiSostenuto", "midiSostenuto\midiSostenuto.vcxproj", "{AC2CA0D2-7A92-426B-9B22-3E051E78CB1C}"
EndProject
Project("{8BC9CEB8-8B4A-11D0-8D11-00A0C91BC942}") = "midiStrum", "midiStrum\midiStrum.vcxproj", "{E3750A12-E03D-4DE9-B932-B56BE7D7A331}"
EndProject
Project("{8BC9CEB8-8B4A-11D0-8D11-00A0C91BC942}") = "midiStuckNoteKiller", "midiStuckNoteKiller\midiStuckNoteKiller.vcxproj", "{D35B4292-4174-467C-A082-1598AD6AD1B7}"
EndProject
Project("{8BC9CEB8-8B4A-11D0-8D11-00A0C91BC942}") = "midiSwing", "midiSwing\midiSwing.vcxproj", "{8464CF29-7BCB-4950-90EC-4B1C83E11EBA}"
EndProject
Project("{8BC9CEB8-8B4A-11D0-8D11-00A0C91BC942}") = "midiTriggerList", "midiTriggerList\midiTriggerList.vcxproj", "{3AF2E05A-0837-40D8-9826-AFEA10D0286A}"
EndProject
Project("{8BC9CEB8-8B4A-11D0-8D11-00A0C91BC942}") = "midiVelocityScale", "midiVelocityScale\midiVelocityScale.vcxproj", "{3AADE06F-4598-4E79-B492-F43D9E04CC41}"
EndProject
Project("{8BC9CEB8-8B4A-11D0-8D11-00A0C91BC942}") = "midiNotesToCC", "midiNotesToCC\midiNotesToCC.vcxproj", "{DF6F43FF-5897-48A2-A421-DAD3764C4D65}"
EndProject
Project("{8BC9CEB8-8B4A-11D0-8D11-00A0C91BC942}") = "midiChordSplit", "midiChordSplit\midiChordSplit.vcxproj", "{81DB0CCA-92A5-47F9-850F-8C8E7F962D6F}"
EndProject
Project("{8BC9CEB8-8B4A-11D0-8D11-00A0C91BC942}") = "midiTranspose", "midiTranspose\midiTranspose.vcxproj", "{1F089039-3228-4B54-B312-F44CB9198AD8}"
EndProject
Project("{8BC9CEB8-8B4A-11D0-8D11-00A0C91BC942}") = "documentation", "documentation\documentation.vcxproj", "{B190632B-DC2F-4CD2-A84F-3E707BBB802E}"
EndProject
Project("{8BC9CEB8-8B4A-11D0-8D11-00A0C91BC942}") = "midiNoteRepeater", "midiNoteRepeater\midiNoteRepeater.vcxproj", "{15092A59-7DCF-4440-9D17-F3359135F5FD}"
EndProject
Project("{8BC9CEB8-8B4A-11D0-8D11-00A0C91BC942}") = "midiNoteMap", "midiNoteMap\midiNoteMap.vcxproj", "{F25D6B76-A687-453C-9754-F25D338FB660}"
EndProject
Project("{8BC9CEB8-8B4A-11D0-8D11-00A0C91BC942}") = "midiMultiProgramChange", "midiMultiProgramChange\midiMultiProgramChange.vcxproj", "{15082B91-7C04-4070-B925-951D686CE7AC}"
EndProject
Global
	GlobalSection(SolutionConfigurationPlatforms) = preSolution
		Debug|Win32 = Debug|Win32
		Debug|x64 = Debug|x64
		Inst|Win32 = Inst|Win32
		Inst|x64 = Inst|x64
		Release|Win32 = Release|Win32
		Release|x64 = Release|x64
	EndGlobalSection
	GlobalSection(ProjectConfigurationPlatforms) = postSolution
		{7C24102A-DD10-466E-9CD2-2C46BC851362}.Debug|Win32.ActiveCfg = Debug|Win32
		{7C24102A-DD10-466E-9CD2-2C46BC851362}.Debug|Win32.Build.0 = Debug|Win32
		{7C24102A-DD10-466E-9CD2-2C46BC851362}.Debug|x64.ActiveCfg = Debug|x64
		{7C24102A-DD10-466E-9CD2-2C46BC851362}.Debug|x64.Build.0 = Debug|x64
		{7C24102A-DD10-466E-9CD2-2C46BC851362}.Inst|Win32.ActiveCfg = Inst|Win32
		{7C24102A-DD10-466E-9CD2-2C46BC851362}.Inst|Win32.Build.0 = Inst|Win32
		{7C24102A-DD10-466E-9CD2-2C46BC851362}.Inst|x64.ActiveCfg = Inst|x64
		{7C24102A-DD10-466E-9CD2-2C46BC851362}.Inst|x64.Build.0 = Inst|x64
		{7C24102A-DD10-466E-9CD2-2C46BC851362}.Release|Win32.ActiveCfg = Release|Win32
		{7C24102A-DD10-466E-9CD2-2C46BC851362}.Release|Win32.Build.0 = Release|Win32
		{7C24102A-DD10-466E-9CD2-2C46BC851362}.Release|x64.ActiveCfg = Release|x64
		{7C24102A-DD10-466E-9CD2-2C46BC851362}.Release|x64.Build.0 = Release|x64
		{5E996489-090C-4252-B3E6-40444239530A}.Debug|Win32.ActiveCfg = Debug|Win32
		{5E996489-090C-4252-B3E6-40444239530A}.Debug|Win32.Build.0 = Debug|Win32
		{5E996489-090C-4252-B3E6-40444239530A}.Debug|x64.ActiveCfg = Debug|x64
		{5E996489-090C-4252-B3E6-40444239530A}.Debug|x64.Build.0 = Debug|x64
		{5E996489-090C-4252-B3E6-40444239530A}.Inst|Win32.ActiveCfg = Inst|Win32
		{5E996489-090C-4252-B3E6-40444239530A}.Inst|Win32.Build.0 = Inst|Win32
		{5E996489-090C-4252-B3E6-40444239530A}.Inst|x64.ActiveCfg = Inst|x64
		{5E996489-090C-4252-B3E6-40444239530A}.Inst|x64.Build.0 = Inst|x64
		{5E996489-090C-4252-B3E6-40444239530A}.Release|Win32.ActiveCfg = Release|Win32
		{5E996489-090C-4252-B3E6-40444239530A}.Release|Win32.Build.0 = Release|Win32
		{5E996489-090C-4252-B3E6-40444239530A}.Release|x64.ActiveCfg = Release|x64
		{5E996489-090C-4252-B3E6-40444239530A}.Release|x64.Build.0 = Release|x64
		{F6526A49-23BB-410A-A2BB-0E163696E75E}.Debug|Win32.ActiveCfg = Debug|Win32
		{F6526A49-23BB-410A-A2BB-0E163696E75E}.Debug|Win32.Build.0 = Debug|Win32
		{F6526A49-23BB-410A-A2BB-0E163696E75E}.Debug|x64.ActiveCfg = Debug|x64
		{F6526A49-23BB-410A-A2BB-0E163696E75E}.Debug|x64.Build.0 = Debug|x64
		{F6526A49-23BB-410A-A2BB-0E163696E75E}.Inst|Win32.ActiveCfg = Inst|Win32
		{F6526A49-23BB-410A-A2BB-0E163696E75E}.Inst|Win32.Build.0 = Inst|Win32
		{F6526A49-23BB-410A-A2BB-0E163696E75E}.Inst|x64.ActiveCfg = Inst|x64
		{F6526A49-23BB-410A-A2BB-0E163696E75E}.Inst|x64.Build.0 = Inst|x64
		{F6526A49-23BB-410A-A2BB-0E163696E75E}.Release|Win32.ActiveCfg = Release|Win32
		{F6526A49-23BB-410A-A2BB-0E163696E75E}.Release|Win32.Build.0 = Release|Win32
		{F6526A49-23BB-410A-A2BB-0E163696E75E}.Release|x64.ActiveCfg = Release|x64
		{F6526A49-23BB-410A-A2BB-0E163696E75E}.Release|x64.Build.0 = Release|x64
		{3D41F04E-C14B-4384-873E-F3FA86741F85}.Debug|Win32.ActiveCfg = Debug|Win32
		{3D41F04E-C14B-4384-873E-F3FA86741F85}.Debug|Win32.Build.0 = Debug|Win32
		{3D41F04E-C14B-4384-873E-F3FA86741F85}.Debug|x64.ActiveCfg = Debug|x64
		{3D41F04E-C14B-4384-873E-F3FA86741F85}.Debug|x64.Build.0 = Debug|x64
		{3D41F04E-C14B-4384-873E-F3FA86741F85}.Inst|Win32.ActiveCfg = Inst|Win32
		{3D41F04E-C14B-4384-873E-F3FA86741F85}.Inst|Win32.Build.0 = Inst|Win32
		{3D41F04E-C14B-4384-873E-F3FA86741F85}.Inst|x64.ActiveCfg = Inst|x64
		{3D41F04E-C14B-4384-873E-F3FA86741F85}.Inst|x64.Build.0 = Inst|x64
		{3D41F04E-C14B-4384-873E-F3FA86741F85}.Release|Win32.ActiveCfg = Release|Win32
		{3D41F04E-C14B-4384-873E-F3FA86741F85}.Release|Win32.Build.0 = Release|Win32
		{3D41F04E-C14B-4384-873E-F3FA86741F85}.Release|x64.ActiveCfg = Release|x64
		{3D41F04E-C14B-4384-873E-F3FA86741F85}.Release|x64.Build.0 = Release|x64
		{278D8F86-8423-4043-9744-49DFAFEEAD0C}.Debug|Win32.ActiveCfg = Debug|Win32
		{278D8F86-8423-4043-9744-49DFAFEEAD0C}.Debug|Win32.Build.0 = Debug|Win32
		{278D8F86-8423-4043-9744-49DFAFEEAD0C}.Debug|x64.ActiveCfg = Debug|x64
		{278D8F86-8423-4043-9744-49DFAFEEAD0C}.Debug|x64.Build.0 = Debug|x64
		{278D8F86-8423-4043-9744-49DFAFEEAD0C}.Inst|Win32.ActiveCfg = Inst|Win32
		{278D8F86-8423-4043-9744-49DFAFEEAD0C}.Inst|Win32.Build.0 = Inst|Win32
		{278D8F86-8423-4043-9744-49DFAFEEAD0C}.Inst|x64.ActiveCfg = Inst|x64
		{278D8F86-8423-4043-9744-49DFAFEEAD0C}.Inst|x64.Build.0 = Inst|x64
		{278D8F86-8423-4043-9744-49DFAFEEAD0C}.Release|Win32.ActiveCfg = Release|Win32
		{278D8F86-8423-4043-9744-49DFAFEEAD0C}.Release|Win32.Build.0 = Release|Win32
		{278D8F86-8423-4043-9744-49DFAFEEAD0C}.Release|x64.ActiveCfg = Release|x64
		{278D8F86-8423-4043-9744-49DFAFEEAD0C}.Release|x64.Build.0 = Release|x64
		{9FCDD9BD-C91E-4DCB-B7AC-B39C64F9147F}.Debug|Win32.ActiveCfg = Debug|Win32
		{9FCDD9BD-C91E-4DCB-B7AC-B39C64F9147F}.Debug|Win32.Build.0 = Debug|Win32
		{9FCDD9BD-C91E-4DCB-B7AC-B39C64F9147F}.Debug|x64.ActiveCfg = Debug|x64
		{9FCDD9BD-C91E-4DCB-B7AC-B39C64F9147F}.Debug|x64.Build.0 = Debug|x64
		{9FCDD9BD-C91E-4DCB-B7AC-B39C64F9147F}.Inst|Win32.ActiveCfg = Inst|Win32
		{9FCDD9BD-C91E-4DCB-B7AC-B39C64F9147F}.Inst|Win32.Build.0 = Inst|Win32
		{9FCDD9BD-C91E-4DCB-B7AC-B39C64F9147F}.Inst|x64.ActiveCfg = Inst|x64
		{9FCDD9BD-C91E-4DCB-B7AC-B39C64F9147F}.Inst|x64.Build.0 = Inst|x64
		{9FCDD9BD-C91E-4DCB-B7AC-B39C64F9147F}.Release|Win32.ActiveCfg = Release|Win32
		{9FCDD9BD-C91E-4DCB-B7AC-B39C64F9147F}.Release|Win32.Build.0 = Release|Win32
		{9FCDD9BD-C91E-4DCB-B7AC-B39C64F9147F}.Release|x64.ActiveCfg = Release|x64
		{9FCDD9BD-C91E-4DCB-B7AC-B39C64F9147F}.Release|x64.Build.0 = Release|x64
		{94C04A24-F6FF-4E6F-B0BF-E5BA8254AAD8}.Debug|Win32.ActiveCfg = Debug|Win32
		{94C04A24-F6FF-4E6F-B0BF-E5BA8254AAD8}.Debug|Win32.Build.0 = Debug|Win32
		{94C04A24-F6FF-4E6F-B0BF-E5BA8254AAD8}.Debug|x64.ActiveCfg = Debug|x64
		{94C04A24-F6FF-4E6F-B0BF-E5BA8254AAD8}.Debug|x64.Build.0 = Debug|x64
		{94C04A24-F6FF-4E6F-B0BF-E5BA8254AAD8}.Inst|Win32.ActiveCfg = Inst|Win32
		{94C04A24-F6FF-4E6F-B0BF-E5BA8254AAD8}.Inst|Win32.Build.0 = Inst|Win32
		{94C04A24-F6FF-4E6F-B0BF-E5BA8254AAD8}.Inst|x64.ActiveCfg = Inst|x64
		{94C04A24-F6FF-4E6F-B0BF-E5BA8254AAD8}.Inst|x64.Build.0 = Inst|x64
		{94C04A24-F6FF-4E6F-B0BF-E5BA8254AAD8}.Release|Win32.ActiveCfg = Release|Win32
		{94C04A24-F6FF-4E6F-B0BF-E5BA8254AAD8}.Release|Win32.Build.0 = Release|Win32
		{94C04A24-F6FF-4E6F-B0BF-E5BA8254AAD8}.Release|x64.ActiveCfg = Release|x64
		{94C04A24-F6FF-4E6F-B0BF-E5BA8254AAD8}.Release|x64.Build.0 = Release|x64
		{D627DBEB-A119-4BFE-9A38-6A2248FA4FEF}.Debug|Win32.ActiveCfg = Debug|Win32
		{D627DBEB-A119-4BFE-9A38-6A2248FA4FEF}.Debug|Win32.Build.0 = Debug|Win32
		{D627DBEB-A119-4BFE-9A38-6A2248FA4FEF}.Debug|x64.ActiveCfg = Debug|x64
		{D627DBEB-A119-4BFE-9A38-6A2248FA4FEF}.Debug|x64.Build.0 = Debug|x64
		{D627DBEB-A119-4BFE-9A38-6A2248FA4FEF}.Inst|Win32.ActiveCfg = Inst|Win32
		{D627DBEB-A119-4BFE-9A38-6A2248FA4FEF}.Inst|Win32.Build.0 = Inst|Win32
		{D627DBEB-A119-4BFE-9A38-6A2248FA4FEF}.Inst|x64.ActiveCfg = Inst|x64
		{D627DBEB-A119-4BFE-9A38-6A2248FA4FEF}.Inst|x64.Build.0 = Inst|x64
		{D627DBEB-A119-4BFE-9A38-6A2248FA4FEF}.Release|Win32.ActiveCfg = Release|Win32
		{D627DBEB-A119-4BFE-9A38-6A2248FA4FEF}.Release|Win32.Build.0 = Release|Win32
		{D627DBEB-A119-4BFE-9A38-6A2248FA4FEF}.Release|x64.ActiveCfg = Release|x64
		{D627DBEB-A119-4BFE-9A38-6A2248FA4FEF}.Release|x64.Build.0 = Release|x64
		{1EB09AE5-DC5B-4C24-B6C0-CC4A8E7F7330}.Debug|Win32.ActiveCfg = Debug|Win32
		{1EB09AE5-DC5B-4C24-B6C0-CC4A8E7F7330}.Debug|Win32.Build.0 = Debug|Win32
		{1EB09AE5-DC5B-4C24-B6C0-CC4A8E7F7330}.Debug|x64.ActiveCfg = Debug|x64
		{1EB09AE5-DC5B-4C24-B6C0-CC4A8E7F7330}.Debug|x64.Build.0 = Debug|x64
		{1EB09AE5-DC5B-4C24-B6C0-CC4A8E7F7330}.Inst|Win32.ActiveCfg = Inst|Win32
		{1EB09AE5-DC5B-4C24-B6C0-CC4A8E7F7330}.Inst|Win32.Build.0 = Inst|Win32
		{1EB09AE5-DC5B-4C24-B6C0-CC4A8E7F7330}.Inst|x64.ActiveCfg = Inst|x64
		{1EB09AE5-DC5B-4C24-B6C0-CC4A8E7F7330}.Inst|x64.Build.0 = Inst|x64
		{1EB09AE5-DC5B-4C24-B6C0-CC4A8E7F7330}.Release|Win32.ActiveCfg = Release|Win32
		{1EB09AE5-DC5B-4C24-B6C0-CC4A8E7F7330}.Release|Win32.Build.0 = Release|Win32
		{1EB09AE5-DC5B-4C24-B6C0-CC4A8E7F7330}.Release|x64.ActiveCfg = Release|x64
		{1EB09AE5-DC5B-4C24-B6C0-CC4A8E7F7330}.Release|x64.Build.0 = Release|x64
		{E9EA1996-27A8-4E2D-A1FE-B4CD10A6A588}.Debug|Win32.ActiveCfg = Debug|Win32
		{E9EA1996-27A8-4E2D-A1FE-B4CD10A6A588}.Debug|Win32.Build.0 = Debug|Win32
		{E9EA1996-27A8-4E2D-A1FE-B4CD10A6A588}.Debug|x64.ActiveCfg = Debug|x64
		{E9EA1996-27A8-4E2D-A1FE-B4CD10A6A588}.Debug|x64.Build.0 = Debug|x64
		{E9EA1996-27A8-4E2D-A1FE-B4CD10A6A588}.Inst|Win32.ActiveCfg = Inst|Win32
		{E9EA1996-27A8-4E2D-A1FE-B4CD10A6A588}.Inst|Win32.Build.0 = Inst|Win32
		{E9EA1996-27A8-4E2D-A1FE-B4CD10A6A588}.Inst|x64.ActiveCfg = Inst|x64
		{E9EA1996-27A8-4E2D-A1FE-B4CD10A6A588}.Inst|x64.Build.0 = Inst|x64
		{E9EA1996-27A8-4E2D-A1FE-B4CD10A6A588}.Release|Win32.ActiveCfg = Release|Win32
		{E9EA1996-27A8-4E2D-A1FE-B4CD10A6A588}.Release|Win32.Build.0 = Release|Win32
		{E9EA1996-27A8-4E2D-A1FE-B4CD10A6A588}.Release|x64.ActiveCfg = Release|x64
		{E9EA1996-27A8-4E2D-A1FE-B4CD10A6A588}.Release|x64.Build.0 = Release|x64
		{59248302-52E0-4CC0-9BBE-E475BA4A9B41}.Debug|Win32.ActiveCfg = Debug|Win32
		{59248302-52E0-4CC0-9BBE-E475BA4A9B41}.Debug|Win32.Build.0 = Debug|Win32
		{59248302-52E0-4CC0-9BBE-E475BA4A9B41}.Debug|x64.ActiveCfg = Debug|x64
		{59248302-52E0-4CC0-9BBE-E475BA4A9B41}.Debug|x64.Build.0 = Debug|x64
		{59248302-52E0-4CC0-9BBE-E475BA4A9B41}.Inst|Win32.ActiveCfg = Inst|Win32
		{59248302-52E0-4CC0-9BBE-E475BA4A9B41}.Inst|Win32.Build.0 = Inst|Win32
		{59248302-52E0-4CC0-9BBE-E475BA4A9B41}.Inst|x64.ActiveCfg = Inst|x64
		{59248302-52E0-4CC0-9BBE-E475BA4A9B41}.Inst|x64.Build.0 = Inst|x64
		{59248302-52E0-4CC0-9BBE-E475BA4A9B41}.Release|Win32.ActiveCfg = Release|Win32
		{59248302-52E0-4CC0-9BBE-E475BA4A9B41}.Release|Win32.Build.0 = Release|Win32
		{59248302-52E0-4CC0-9BBE-E475BA4A9B41}.Release|x64.ActiveCfg = Release|x64
		{59248302-52E0-4CC0-9BBE-E475BA4A9B41}.Release|x64.Build.0 = Release|x64
		{BF123BA7-A4B1-47A3-976B-D9E553129E0C}.Debug|Win32.ActiveCfg = Debug|Win32
		{BF123BA7-A4B1-47A3-976B-D9E553129E0C}.Debug|Win32.Build.0 = Debug|Win32
		{BF123BA7-A4B1-47A3-976B-D9E553129E0C}.Debug|x64.ActiveCfg = Debug|x64
		{BF123BA7-A4B1-47A3-976B-D9E553129E0C}.Debug|x64.Build.0 = Debug|x64
		{BF123BA7-A4B1-47A3-976B-D9E553129E0C}.Inst|Win32.ActiveCfg = Inst|Win32
		{BF123BA7-A4B1-47A3-976B-D9E553129E0C}.Inst|Win32.Build.0 = Inst|Win32
		{BF123BA7-A4B1-47A3-976B-D9E553129E0C}.Inst|x64.ActiveCfg = Inst|x64
		{BF123BA7-A4B1-47A3-976B-D9E553129E0C}.Inst|x64.Build.0 = Inst|x64
		{BF123BA7-A4B1-47A3-976B-D9E553129E0C}.Release|Win32.ActiveCfg = Release|Win32
		{BF123BA7-A4B1-47A3-976B-D9E553129E0C}.Release|Win32.Build.0 = Release|Win32
		{BF123BA7-A4B1-47A3-976B-D9E553129E0C}.Release|x64.ActiveCfg = Release|x64
		{BF123BA7-A4B1-47A3-976B-D9E553129E0C}.Release|x64.Build.0 = Release|x64
		{231A361A-8AFD-4D91-BC5E-1711F058CFD3}.Debug|Win32.ActiveCfg = Debug|Win32
		{231A361A-8AFD-4D91-BC5E-1711F058CFD3}.Debug|Win32.Build.0 = Debug|Win32
		{231A361A-8AFD-4D91-BC5E-1711F058CFD3}.Debug|x64.ActiveCfg = Debug|x64
		{231A361A-8AFD-4D91-BC5E-1711F058CFD3}.Debug|x64.Build.0 = Debug|x64
		{231A361A-8AFD-4D91-BC5E-1711F058CFD3}.Inst|Win32.ActiveCfg = Inst|Win32
		{231A361A-8AFD-4D91-BC5E-1711F058CFD3}.Inst|Win32.Build.0 = Inst|Win32
		{231A361A-8AFD-4D91-BC5E-1711F058CFD3}.Inst|x64.ActiveCfg = Inst|x64
		{231A361A-8AFD-4D91-BC5E-1711F058CFD3}.Inst|x64.Build.0 = Inst|x64
		{231A361A-8AFD-4D91-BC5E-1711F058CFD3}.Release|Win32.ActiveCfg = Release|Win32
		{231A361A-8AFD-4D91-BC5E-1711F058CFD3}.Release|Win32.Build.0 = Release|Win32
		{231A361A-8AFD-4D91-BC5E-1711F058CFD3}.Release|x64.ActiveCfg = Release|x64
		{231A361A-8AFD-4D91-BC5E-1711F058CFD3}.Release|x64.Build.0 = Release|x64
		{79D41EB5-65E7-41A7-ADA7-7F8F95EB6E39}.Debug|Win32.ActiveCfg = Debug|Win32
		{79D41EB5-65E7-41A7-ADA7-7F8F95EB6E39}.Debug|Win32.Build.0 = Debug|Win32
		{79D41EB5-65E7-41A7-ADA7-7F8F95EB6E39}.Debug|x64.ActiveCfg = Debug|x64
		{79D41EB5-65E7-41A7-ADA7-7F8F95EB6E39}.Debug|x64.Build.0 = Debug|x64
		{79D41EB5-65E7-41A7-ADA7-7F8F95EB6E39}.Inst|Win32.ActiveCfg = Inst|Win32
		{79D41EB5-65E7-41A7-ADA7-7F8F95EB6E39}.Inst|Win32.Build.0 = Inst|Win32
		{79D41EB5-65E7-41A7-ADA7-7F8F95EB6E39}.Inst|x64.ActiveCfg = Inst|x64
		{79D41EB5-65E7-41A7-ADA7-7F8F95EB6E39}.Inst|x64.Build.0 = Inst|x64
		{79D41EB5-65E7-41A7-ADA7-7F8F95EB6E39}.Release|Win32.ActiveCfg = Release|Win32
		{79D41EB5-65E7-41A7-ADA7-7F8F95EB6E39}.Release|Win32.Build.0 = Release|Win32
		{79D41EB5-65E7-41A7-ADA7-7F8F95EB6E39}.Release|x64.ActiveCfg = Release|x64
		{79D41EB5-65E7-41A7-ADA7-7F8F95EB6E39}.Release|x64.Build.0 = Release|x64
		{AA4BC83E-6C73-4C3F-B003-45B3B083F587}.Debug|Win32.ActiveCfg = Debug|Win32
		{AA4BC83E-6C73-4C3F-B003-45B3B083F587}.Debug|Win32.Build.0 = Debug|Win32
		{AA4BC83E-6C73-4C3F-B003-45B3B083F587}.Debug|x64.ActiveCfg = Debug|x64
		{AA4BC83E-6C73-4C3F-B003-45B3B083F587}.Debug|x64.Build.0 = Debug|x64
		{AA4BC83E-6C73-4C3F-B003-45B3B083F587}.Inst|Win32.ActiveCfg = Inst|Win32
		{AA4BC83E-6C73-4C3F-B003-45B3B083F587}.Inst|Win32.Build.0 = Inst|Win32
		{AA4BC83E-6C73-4C3F-B003-45B3B083F587}.Inst|x64.ActiveCfg = Inst|x64
		{AA4BC83E-6C73-4C3F-B003-45B3B083F587}.Inst|x64.Build.0 = Inst|x64
		{AA4BC83E-6C73-4C3F-B003-45B3B083F587}.Release|Win32.ActiveCfg = Release|Win32
		{AA4BC83E-6C73-4C3F-B003-45B3B083F587}.Release|Win32.Build.0 = Release|Win32
		{AA4BC83E-6C73-4C3F-B003-45B3B083F587}.Release|x64.ActiveCfg = Release|x64
		{AA4BC83E-6C73-4C3F-B003-45B3B083F587}.Release|x64.Build.0 = Release|x64
		{6A2A3ED2-FD2F-46CF-8D0C-62ECB24CC50A}.Debug|Win32.ActiveCfg = Debug|Win32
		{6A2A3ED2-FD2F-46CF-8D0C-62ECB24CC50A}.Debug|Win32.Build.0 = Debug|Win32
		{6A2A3ED2-FD2F-46CF-8D0C-62ECB24CC50A}.Debug|x64.ActiveCfg = Debug|x64
		{6A2A3ED2-FD2F-46CF-8D0C-62ECB24CC50A}.Debug|x64.Build.0 = Debug|x64
		{6A2A3ED2-FD2F-46CF-8D0C-62ECB24CC50A}.Inst|Win32.ActiveCfg = Inst|Win32
		{6A2A3ED2-FD2F-46CF-8D0C-62ECB24CC50A}.Inst|Win32.Build.0 = Inst|Win32
		{6A2A3ED2-FD2F-46CF-8D0C-62ECB24CC50A}.Inst|x64.ActiveCfg = Inst|x64
		{6A2A3ED2-FD2F-46CF-8D0C-62ECB24CC50A}.Inst|x64.Build.0 = Inst|x64
		{6A2A3ED2-FD2F-46CF-8D0C-62ECB24CC50A}.Release|Win32.ActiveCfg = Release|Win32
		{6A2A3ED2-FD2F-46CF-8D0C-62ECB24CC50A}.Release|Win32.Build.0 = Release|Win32
		{6A2A3ED2-FD2F-46CF-8D0C-62ECB24CC50A}.Release|x64.ActiveCfg = Release|x64
		{6A2A3ED2-FD2F-46CF-8D0C-62ECB24CC50A}.Release|x64.Build.0 = Release|x64
		{2070AEBC-B993-4BBD-864E-C49EB27F9CCC}.Debug|Win32.ActiveCfg = Debug|Win32
		{2070AEBC-B993-4BBD-864E-C49EB27F9CCC}.Debug|Win32.Build.0 = Debug|Win32
		{2070AEBC-B993-4BBD-864E-C49EB27F9CCC}.Debug|x64.ActiveCfg = Debug|x64
		{2070AEBC-B993-4BBD-864E-C49EB27F9CCC}.Debug|x64.Build.0 = Debug|x64
		{2070AEBC-B993-4BBD-864E-C49EB27F9CCC}.Inst|Win32.ActiveCfg = Inst|Win32
		{2070AEBC-B993-4BBD-864E-C49EB27F9CCC}.Inst|Win32.Build.0 = Inst|Win32
		{2070AEBC-B993-4BBD-864E-C49EB27F9CCC}.Inst|x64.ActiveCfg = Inst|x64
		{2070AEBC-B993-4BBD-864E-C49EB27F9CCC}.Inst|x64.Build.0 = Inst|x64
		{2070AEBC-B993-4BBD-864E-C49EB27F9CCC}.Release|Win32.ActiveCfg = Release|Win32
		{2070AEBC-B993-4BBD-864E-C49EB27F9CCC}.Release|Win32.Build.0 = Release|Win32
		{2070AEBC-B993-4BBD-864E-C49EB27F9CCC}.Release|x64.ActiveCfg = Release|x64
		{2070AEBC-B993-4BBD-864E-C49EB27F9CCC}.Release|x64.Build.0 = Release|x64
		{C10D969A-9B6F-41AC-9500-7E0A89BEB8D8}.Debug|Win32.ActiveCfg = Debug|Win32
		{C10D969A-9B6F-41AC-9500-7E0A89BEB8D8}.Debug|Win32.Build.0 = Debug|Win32
		{C10D969A-9B6F-41AC-9500-7E0A89BEB8D8}.Debug|x64.ActiveCfg = Debug|x64
		{C10D969A-9B6F-41AC-9500-7E0A89BEB8D8}.Debug|x64.Build.0 = Debug|x64
		{C10D969A-9B6F-41AC-9500-7E0A89BEB8D8}.Inst|Win32.ActiveCfg = Inst|Win32
		{C10D969A-9B6F-41AC-9500-7E0A89BEB8D8}.Inst|Win32.Build.0 = Inst|Win32
		{C10D969A-9B6F-41AC-9500-7E0A89BEB8D8}.Inst|x64.ActiveCfg = Inst|x64
		{C10D969A-9B6F-41AC-9500-7E0A89BEB8D8}.Inst|x64.Build.0 = Inst|x64
		{C10D969A-9B6F-41AC-9500-7E0A89BEB8D8}.Release|Win32.ActiveCfg = Release|Win32
		{C10D969A-9B6F-41AC-9500-7E0A89BEB8D8}.Release|Win32.Build.0 = Release|Win32
		{C10D969A-9B6F-41AC-9500-7E0A89BEB8D8}.Release|x64.ActiveCfg = Release|x64
		{C10D969A-9B6F-41AC-9500-7E0A89BEB8D8}.Release|x64.Build.0 = Release|x64
		{A7B7A165-7F9F-42DE-8CB0-B67DAF0259C1}.Debug|Win32.ActiveCfg = Debug|Win32
		{A7B7A165-7F9F-42DE-8CB0-B67DAF0259C1}.Debug|Win32.Build.0 = Debug|Win32
		{A7B7A165-7F9F-42DE-8CB0-B67DAF0259C1}.Debug|x64.ActiveCfg = Debug|x64
		{A7B7A165-7F9F-42DE-8CB0-B67DAF0259C1}.Debug|x64.Build.0 = Debug|x64
		{A7B7A165-7F9F-42DE-8CB0-B67DAF0259C1}.Inst|Win32.ActiveCfg = Inst|Win32
		{A7B7A165-7F9F-42DE-8CB0-B67DAF0259C1}.Inst|Win32.Build.0 = Inst|Win32
		{A7B7A165-7F9F-42DE-8CB0-B67DAF0259C1}.Inst|x64.ActiveCfg = Inst|x64
		{A7B7A165-7F9F-42DE-8CB0-B67DAF0259C1}.Inst|x64.Build.0 = Inst|x64
		{A7B7A165-7F9F-42DE-8CB0-B67DAF0259C1}.Release|Win32.ActiveCfg = Release|Win32
		{A7B7A165-7F9F-42DE-8CB0-B67DAF0259C1}.Release|Win32.Build.0 = Release|Win32
		{A7B7A165-7F9F-42DE-8CB0-B67DAF0259C1}.Release|x64.ActiveCfg = Release|x64
		{A7B7A165-7F9F-42DE-8CB0-B67DAF0259C1}.Release|x64.Build.0 = Release|x64
		{86EA3CD4-DF8A-438B-9135-1B8CCB0DC804}.Debug|Win32.ActiveCfg = Debug|Win32
		{86EA3CD4-DF8A-438B-9135-1B8CCB0DC804}.Debug|Win32.Build.0 = Debug|Win32
		{86EA3CD4-DF8A-438B-9135-1B8CCB0DC804}.Debug|x64.ActiveCfg = Debug|x64
		{86EA3CD4-DF8A-438B-9135-1B8CCB0DC804}.Debug|x64.Build.0 = Debug|x64
		{86EA3CD4-DF8A-438B-9135-1B8CCB0DC804}.Inst|Win32.ActiveCfg = Inst|Win32
		{86EA3CD4-DF8A-438B-9135-1B8CCB0DC804}.Inst|Win32.Build.0 = Inst|Win32
		{86EA3CD4-DF8A-438B-9135-1B8CCB0DC804}.Inst|x64.ActiveCfg = Inst|x64
		{86EA3CD4-DF8A-438B-9135-1B8CCB0DC804}.Inst|x64.Build.0 = Inst|x64
		{86EA3CD4-DF8A-438B-9135-1B8CCB0DC804}.Release|Win32.ActiveCfg = Release|Win32
		{86EA3CD4-DF8A-438B-9135-1B8CCB0DC804}.Release|Win32.Build.0 = Release|Win32
		{86EA3CD4-DF8A-438B-9135-1B8CCB0DC804}.Release|x64.ActiveCfg = Release|x64
		{86EA3CD4-DF8A-438B-9135-1B8CCB0DC804}.Release|x64.Build.0 = Release|x64
		{EC3D68A8-C1CF-4164-B9C3-7BA6E2C089DB}.Debug|Win32.ActiveCfg = Debug|Win32
		{EC3D68A8-C1CF-4164-B9C3-7BA6E2C089DB}.Debug|Win32.Build.0 = Debug|Win32
		{EC3D68A8-C1CF-4164-B9C3-7BA6E2C089DB}.Debug|x64.ActiveCfg = Debug|x64
		{EC3D68A8-C1CF-4164-B9C3-7BA6E2C089DB}.Debug|x64.Build.0 = Debug|x64
		{EC3D68A8-C1CF-4164-B9C3-7BA6E2C089DB}.Inst|Win32.ActiveCfg = Inst|Win32
		{EC3D68A8-C1CF-4164-B9C3-7BA6E2C089DB}.Inst|Win32.Build.0 = Inst|Win32
		{EC3D68A8-C1CF-4164-B9C3-7BA6E2C089DB}.Inst|x64.ActiveCfg = Inst|x64
		{EC3D68A8-C1CF-4164-B9C3-7BA6E2C089DB}.Inst|x64.Build.0 = Inst|x64
		{EC3D68A8-C1CF-4164-B9C3-7BA6E2C089DB}.Release|Win32.ActiveCfg = Release|Win32
		{EC3D68A8-C1CF-4164-B9C3-7BA6E2C089DB}.Release|Win32.Build.0 = Release|Win32
		{EC3D68A8-C1CF-4164-B9C3-7BA6E2C089DB}.Release|x64.ActiveCfg = Release|x64
		{EC3D68A8-C1CF-4164-B9C3-7BA6E2C089DB}.Release|x64.Build.0 = Release|x64
		{86D2DBCA-7A53-4BA1-BAA7-A1ABB426BD0C}.Debug|Win32.ActiveCfg = Debug|Win32
		{86D2DBCA-7A53-4BA1-BAA7-A1ABB426BD0C}.Debug|Win32.Build.0 = Debug|Win32
		{86D2DBCA-7A53-4BA1-BAA7-A1ABB426BD0C}.Debug|x64.ActiveCfg = Debug|x64
		{86D2DBCA-7A53-4BA1-BAA7-A1ABB426BD0C}.Debug|x64.Build.0 = Debug|x64
		{86D2DBCA-7A53-4BA1-BAA7-A1ABB426BD0C}.Inst|Win32.ActiveCfg = Inst|Win32
		{86D2DBCA-7A53-4BA1-BAA7-A1ABB426BD0C}.Inst|Win32.Build.0 = Inst|Win32
		{86D2DBCA-7A53-4BA1-BAA7-A1ABB426BD0C}.Inst|x64.ActiveCfg = Inst|x64
		{86D2DBCA-7A53-4BA1-BAA7-A1ABB426BD0C}.Inst|x64.Build.0 = Inst|x64
		{86D2DBCA-7A53-4BA1-BAA7-A1ABB426BD0C}.Release|Win32.ActiveCfg = Release|Win32
		{86D2DBCA-7A53-4BA1-BAA7-A1ABB426BD0C}.Release|Win32.Build.0 = Release|Win32
		{86D2DBCA-7A53-4BA1-BAA7-A1ABB426BD0C}.Release|x64.ActiveCfg = Release|x64
		{86D2DBCA-7A53-4BA1-BAA7-A1ABB426BD0C}.Release|x64.Build.0 = Release|x64
		{A421C854-F37B-4B3F-B358-FF34FDEE0376}.Debug|Win32.ActiveCfg = Debug|Win32
		{A421C854-F37B-4B3F-B358-FF34FDEE0376}.Debug|Win32.Build.0 = Debug|Win32
		{A421C854-F37B-4B3F-B358-FF34FDEE0376}.Debug|x64.ActiveCfg = Debug|x64
		{A421C854-F37B-4B3F-B358-FF34FDEE0376}.Debug|x64.Build.0 = Debug|x64
		{A421C854-F37B-4B3F-B358-FF34FDEE0376}.Inst|Win32.ActiveCfg = Inst|Win32
		{A421C854-F37B-4B3F-B358-FF34FDEE0376}.Inst|Win32.Build.0 = Inst|Win32
		{A421C854-F37B-4B3F-B358-FF34FDEE0376}.Inst|x64.ActiveCfg = Inst|x64
		{A421C854-F37B-4B3F-B358-FF34FDEE0376}.Inst|x64.Build.0 = Inst|x64
		{A421C854-F37B-4B3F-B358-FF34FDEE0376}.Release|Win32.ActiveCfg = Release|Win32
		{A421C854-F37B-4B3F-B358-FF34FDEE0376}.Release|Win32.Build.0 = Release|Win32
		{A421C854-F37B-4B3F-B358-FF34FDEE0376}.Release|x64.ActiveCfg = Release|x64
		{A421C854-F37B-4B3F-B358-FF34FDEE0376}.Release|x64.Build.0 = Release|x64
		{19113C7B-3C9D-4E07-AFFA-0908C7AFC65B}.Debug|Win32.ActiveCfg = Debug|Win32
		{19113C7B-3C9D-4E07-AFFA-0908C7AFC65B}.Debug|Win32.Build.0 = Debug|Win32
		{19113C7B-3C9D-4E07-AFFA-0908C7AFC65B}.Debug|x64.ActiveCfg = Debug|x64
		{19113C7B-3C9D-4E07-AFFA-0908C7AFC65B}.Debug|x64.Build.0 = Debug|x64
		{19113C7B-3C9D-4E07-AFFA-0908C7AFC65B}.Inst|Win32.ActiveCfg = Inst|Win32
		{19113C7B-3C9D-4E07-AFFA-0908C7AFC65B}.Inst|Win32.Build.0 = Inst|Win32
		{19113C7B-3C9D-4E07-AFFA-0908C7AFC65B}.Inst|x64.ActiveCfg = Inst|x64
		{19113C7B-3C9D-4E07-AFFA-0908C7AFC65B}.Inst|x64.Build.0 = Inst|x64
		{19113C7B-3C9D-4E07-AFFA-0908C7AFC65B}.Release|Win32.ActiveCfg = Release|Win32
		{19113C7B-3C9D-4E07-AFFA-0908C7AFC65B}.Release|Win32.Build.0 = Release|Win32
		{19113C7B-3C9D-4E07-AFFA-0908C7AFC65B}.Release|x64.ActiveCfg = Release|x64
		{19113C7B-3C9D-4E07-AFFA-0908C7AFC65B}.Release|x64.Build.0 = Release|x64
		{D27D4C6E-9608-41A7-81B7-C4EB8B1EE13F}.Debug|Win32.ActiveCfg = Debug|Win32
		{D27D4C6E-9608-41A7-81B7-C4EB8B1EE13F}.Debug|Win32.Build.0 = Debug|Win32
		{D27D4C6E-9608-41A7-81B7-C4EB8B1EE13F}.Debug|x64.ActiveCfg = Debug|x64
		{D27D4C6E-9608-41A7-81B7-C4EB8B1EE13F}.Debug|x64.Build.0 = Debug|x64
		{D27D4C6E-9608-41A7-81B7-C4EB8B1EE13F}.Inst|Win32.ActiveCfg = Inst|Win32
		{D27D4C6E-9608-41A7-81B7-C4EB8B1EE13F}.Inst|Win32.Build.0 = Inst|Win32
		{D27D4C6E-9608-41A7-81B7-C4EB8B1EE13F}.Inst|x64.ActiveCfg = Inst|x64
		{D27D4C6E-9608-41A7-81B7-C4EB8B1EE13F}.Inst|x64.Build.0 = Inst|x64
		{D27D4C6E-9608-41A7-81B7-C4EB8B1EE13F}.Release|Win32.ActiveCfg = Release|Win32
		{D27D4C6E-9608-41A7-81B7-C4EB8B1EE13F}.Release|Win32.Build.0 = Release|Win32
		{D27D4C6E-9608-41A7-81B7-C4EB8B1EE13F}.Release|x64.ActiveCfg = Release|x64
		{D27D4C6E-9608-41A7-81B7-C4EB8B1EE13F}.Release|x64.Build.0 = Release|x64
		{FCAE6C26-0FA4-48FC-BFF1-C180D52075D4}.Debug|Win32.ActiveCfg = Debug|Win32
		{FCAE6C26-0FA4-48FC-BFF1-C180D52075D4}.Debug|Win32.Build.0 = Debug|Win32
		{FCAE6C26-0FA4-48FC-BFF1-C180D52075D4}.Debug|x64.ActiveCfg = Debug|x64
		{FCAE6C26-0FA4-48FC-BFF1-C180D52075D4}.Debug|x64.Build.0 = Debug|x64
		{FCAE6C26-0FA4-48FC-BFF1-C180D52075D4}.Inst|Win32.ActiveCfg = Inst|Win32
		{FCAE6C26-0FA4-48FC-BFF1-C180D52075D4}.Inst|Win32.Build.0 = Inst|Win32
		{FCAE6C26-0FA4-48FC-BFF1-C180D52075D4}.Inst|x64.ActiveCfg = Inst|x64
		{FCAE6C26-0FA4-48FC-BFF1-C180D52075D4}.Inst|x64.Build.0 = Inst|x64
		{FCAE6C26-0FA4-48FC-BFF1-C180D52075D4}.Release|Win32.ActiveCfg = Release|Win32
		{FCAE6C26-0FA4-48FC-BFF1-C180D52075D4}.Release|Win32.Build.0 = Release|Win32
		{FCAE6C26-0FA4-48FC-BFF1-C180D52075D4}.Release|x64.ActiveCfg = Release|x64
		{FCAE6C26-0FA4-48FC-BFF1-C180D52075D4}.Release|x64.Build.0 = Release|x64
		{A15C0E72-0473-46C0-B5AD-9A462AB66AEA}.Debug|Win32.ActiveCfg = Debug|Win32
		{A15C0E72-0473-46C0-B5AD-9A462AB66AEA}.Debug|Win32.Build.0 = Debug|Win32
		{A15C0E72-0473-46C0-B5AD-9A462AB66AEA}.Debug|x64.ActiveCfg = Debug|x64
		{A15C0E72-0473-46C0-B5AD-9A462AB66AEA}.Debug|x64.Build.0 = Debug|x64
		{A15C0E72-0473-46C0-B5AD-9A462AB66AEA}.Inst|Win32.ActiveCfg = Inst|Win32
		{A15C0E72-0473-46C0-B5AD-9A462AB66AEA}.Inst|Win32.Build.0 = Inst|Win32
		{A15C0E72-0473-46C0-B5AD-9A462AB66AEA}.Inst|x64.ActiveCfg = Inst|x64
		{A15C0E72-0473-46C0-B5AD-9A462AB66AEA}.Inst|x64.Build.0 = Inst|x64
		{A15C0E72-0473-46C0-B5AD-9A462AB66AEA}.Release|Win32.ActiveCfg = Release|Win32
		{A15C0E72-0473-46C0-B5AD-9A462AB66AEA}.Release|Win32.Build.0 = Release|Win32
		{A15C0E72-0473-46C0-B5AD-9A462AB66AEA}.Release|x64.ActiveCfg = Release|x64
		{A15C0E72-0473-46C0-B5AD-9A462AB66AEA}.Release|x64.Build.0 = Release|x64
		{10E41BA9-F68A-461D-88DD-DF82892FC4A2}.Debug|Win32.ActiveCfg = Debug|Win32
		{10E41BA9-F68A-461D-88DD-DF82892FC4A2}.Debug|Win32.Build.0 = Debug|Win32
		{10E41BA9-F68A-461D-88DD-DF82892FC4A2}.Debug|x64.ActiveCfg = Debug|x64
		{10E41BA9-F68A-461D-88DD-DF82892FC4A2}.Debug|x64.Build.0 = Debug|x64
		{10E41BA9-F68A-461D-88DD-DF82892FC4A2}.Inst|Win32.ActiveCfg = Inst|Win32
		{10E41BA9-F68A-461D-88DD-DF82892FC4A2}.Inst|Win32.Build.0 = Inst|Win32
		{10E41BA9-F68A-461D-88DD-DF82892FC4A2}.Inst|x64.ActiveCfg = Inst|x64
		{10E41BA9-F68A-461D-88DD-DF82892FC4A2}.Inst|x64.Build.0 = Inst|x64
		{10E41BA9-F68A-461D-88DD-DF82892FC4A2}.Release|Win32.ActiveCfg = Release|Win32
		{10E41BA9-F68A-461D-88DD-DF82892FC4A2}.Release|Win32.Build.0 = Release|Win32
		{10E41BA9-F68A-461D-88DD-DF82892FC4A2}.Release|x64.ActiveCfg = Release|x64
		{10E41BA9-F68A-461D-88DD-DF82892FC4A2}.Release|x64.Build.0 = Release|x64
		{BACC3A6F-7D52-4B96-8850-D666C68CB71C}.Debug|Win32.ActiveCfg = Debug|Win32
		{BACC3A6F-7D52-4B96-8850-D666C68CB71C}.Debug|Win32.Build.0 = Debug|Win32
		{BACC3A6F-7D52-4B96-8850-D666C68CB71C}.Debug|x64.ActiveCfg = Debug|x64
		{BACC3A6F-7D52-4B96-8850-D666C68CB71C}.Debug|x64.Build.0 = Debug|x64
		{BACC3A6F-7D52-4B96-8850-D666C68CB71C}.Inst|Win32.ActiveCfg = Inst|Win32
		{BACC3A6F-7D52-4B96-8850-D666C68CB71C}.Inst|Win32.Build.0 = Inst|Win32
		{BACC3A6F-7D52-4B96-8850-D666C68CB71C}.Inst|x64.ActiveCfg = Inst|x64
		{BACC3A6F-7D52-4B96-8850-D666C68CB71C}.Inst|x64.Build.0 = Inst|x64
		{BACC3A6F-7D52-4B96-8850-D666C68CB71C}.Release|Win32.ActiveCfg = Release|Win32
		{BACC3A6F-7D52-4B96-8850-D666C68CB71C}.Release|Win32.Build.0 = Release|Win32
		{BACC3A6F-7D52-4B96-8850-D666C68CB71C}.Release|x64.ActiveCfg = Release|x64
		{BACC3A6F-7D52-4B96-8850-D666C68CB71C}.Release|x64.Build.0 = Release|x64
		{391ED733-0F12-4661-A2B4-41B484DA7940}.Debug|Win32.ActiveCfg = Debug|Win32
		{391ED733-0F12-4661-A2B4-41B484DA7940}.Debug|Win32.Build.0 = Debug|Win32
		{391ED733-0F12-4661-A2B4-41B484DA7940}.Debug|x64.ActiveCfg = Debug|x64
		{391ED733-0F12-4661-A2B4-41B484DA7940}.Debug|x64.Build.0 = Debug|x64
		{391ED733-0F12-4661-A2B4-41B484DA7940}.Inst|Win32.ActiveCfg = Inst|Win32
		{391ED733-0F12-4661-A2B4-41B484DA7940}.Inst|Win32.Build.0 = Inst|Win32
		{391ED733-0F12-4661-A2B4-41B484DA7940}.Inst|x64.ActiveCfg = Inst|x64
		{391ED733-0F12-4661-A2B4-41B484DA7940}.Inst|x64.Build.0 = Inst|x64
		{391ED733-0F12-4661-A2B4-41B484DA7940}.Release|Win32.ActiveCfg = Release|Win32
		{391ED733-0F12-4661-A2B4-41B484DA7940}.Release|Win32.Build.0 = Release|Win32
		{391ED733-0F12-4661-A2B4-41B484DA7940}.Release|x64.ActiveCfg = Release|x64
		{391ED733-0F12-4661-A2B4-41B484DA7940}.Release|x64.Build.0 = Release|x64
		{D4C7C5FE-F88A-4B8F-939E-789E554A23A7}.Debug|Win32.ActiveCfg = Debug|Win32
		{D4C7C5FE-F88A-4B8F-939E-789E554A23A7}.Debug|Win32.Build.0 = Debug|Win32
		{D4C7C5FE-F88A-4B8F-939E-789E554A23A7}.Debug|x64.ActiveCfg = Debug|x64
		{D4C7C5FE-F88A-4B8F-939E-789E554A23A7}.Debug|x64.Build.0 = Debug|x64
		{D4C7C5FE-F88A-4B8F-939E-789E554A23A7}.Inst|Win32.ActiveCfg = Inst|Win32
		{D4C7C5FE-F88A-4B8F-939E-789E554A23A7}.Inst|Win32.Build.0 = Inst|Win32
		{D4C7C5FE-F88A-4B8F-939E-789E554A23A7}.Inst|x64.ActiveCfg = Inst|x64
		{D4C7C5FE-F88A-4B8F-939E-789E554A23A7}.Inst|x64.Build.0 = Inst|x64
		{D4C7C5FE-F88A-4B8F-939E-789E554A23A7}.Release|Win32.ActiveCfg = Release|Win32
		{D4C7C5FE-F88A-4B8F-939E-789E554A23A7}.Release|Win32.Build.0 = Release|Win32
		{D4C7C5FE-F88A-4B8F-939E-789E554A23A7}.Release|x64.ActiveCfg = Release|x64
		{D4C7C5FE-F88A-4B8F-939E-789E554A23A7}.Release|x64.Build.0 = Release|x64
		{B1CAC366-974B-4625-81D2-2FD6A379A0FD}.Debug|Win32.ActiveCfg = Debug|Win32
		{B1CAC366-974B-4625-81D2-2FD6A379A0FD}.Debug|Win32.Build.0 = Debug|Win32
		{B1CAC366-974B-4625-81D2-2FD6A379A0FD}.Debug|x64.ActiveCfg = Debug|x64
		{B1CAC366-974B-4625-81D2-2FD6A379A0FD}.Debug|x64.Build.0 = Debug|x64
		{B1CAC366-974B-4625-81D2-2FD6A379A0FD}.Inst|Win32.ActiveCfg = Inst|Win32
		{B1CAC366-974B-4625-81D2-2FD6A379A0FD}.Inst|Win32.Build.0 = Inst|Win32
		{B1CAC366-974B-4625-81D2-2FD6A379A0FD}.Inst|x64.ActiveCfg = Inst|x64
		{B1CAC366-974B-4625-81D2-2FD6A379A0FD}.Inst|x64.Build.0 = Inst|x64
		{B1CAC366-974B-4625-81D2-2FD6A379A0FD}.Release|Win32.ActiveCfg = Release|Win32
		{B1CAC366-974B-4625-81D2-2FD6A379A0FD}.Release|Win32.Build.0 = Release|Win32
		{B1CAC366-974B-4625-81D2-2FD6A379A0FD}.Release|x64.ActiveCfg = Release|x64
		{B1CAC366-974B-4625-81D2-2FD6A379A0FD}.Release|x64.Build.0 = Release|x64
		{FD0BFFCC-B763-4CA5-920A-62AE4E0E38AE}.Debug|Win32.ActiveCfg = Debug|Win32
		{FD0BFFCC-B763-4CA5-920A-62AE4E0E38AE}.Debug|Win32.Build.0 = Debug|Win32
		{FD0BFFCC-B763-4CA5-920A-62AE4E0E38AE}.Debug|x64.ActiveCfg = Debug|x64
		{FD0BFFCC-B763-4CA5-920A-62AE4E0E38AE}.Debug|x64.Build.0 = Debug|x64
		{FD0BFFCC-B763-4CA5-920A-62AE4E0E38AE}.Inst|Win32.ActiveCfg = Inst|Win32
		{FD0BFFCC-B763-4CA5-920A-62AE4E0E38AE}.Inst|Win32.Build.0 = Inst|Win32
		{FD0BFFCC-B763-4CA5-920A-62AE4E0E38AE}.Inst|x64.ActiveCfg = Inst|x64
		{FD0BFFCC-B763-4CA5-920A-62AE4E0E38AE}.Inst|x64.Build.0 = Inst|x64
		{FD0BFFCC-B763-4CA5-920A-62AE4E0E38AE}.Release|Win32.ActiveCfg = Release|Win32
		{FD0BFFCC-B763-4CA5-920A-62AE4E0E38AE}.Release|Win32.Build.0 = Release|Win32
		{FD0BFFCC-B763-4CA5-920A-62AE4E0E38AE}.Release|x64.ActiveCfg = Release|x64
		{FD0BFFCC-B763-4CA5-920A-62AE4E0E38AE}.Release|x64.Build.0 = Release|x64
		{CD862565-6AED-4169-8DAE-ACD4612DB484}.Debug|Win32.ActiveCfg = Debug|Win32
		{CD862565-6AED-4169-8DAE-ACD4612DB484}.Debug|Win32.Build.0 = Debug|Win32
		{CD862565-6AED-4169-8DAE-ACD4612DB484}.Debug|x64.ActiveCfg = Debug|x64
		{CD862565-6AED-4169-8DAE-ACD4612DB484}.Debug|x64.Build.0 = Debug|x64
		{CD862565-6AED-4169-8DAE-ACD4612DB484}.Inst|Win32.ActiveCfg = Inst|Win32
		{CD862565-6AED-4169-8DAE-ACD4612DB484}.Inst|Win32.Build.0 = Inst|Win32
		{CD862565-6AED-4169-8DAE-ACD4612DB484}.Inst|x64.ActiveCfg = Inst|x64
		{CD862565-6AED-4169-8DAE-ACD4612DB484}.Inst|x64.Build.0 = Inst|x64
		{CD862565-6AED-4169-8DAE-ACD4612DB484}.Release|Win32.ActiveCfg = Release|Win32
		{CD862565-6AED-4169-8DAE-ACD4612DB484}.Release|Win32.Build.0 = Release|Win32
		{CD862565-6AED-4169-8DAE-ACD4612DB484}.Release|x64.ActiveCfg = Release|x64
		{CD862565-6AED-4169-8DAE-ACD4612DB484}.Release|x64.Build.0 = Release|x64
		{307A0ADC-9889-4A22-BEB7-E550F4C38EE6}.Debug|Win32.ActiveCfg = Debug|Win32
		{307A0ADC-9889-4A22-BEB7-E550F4C38EE6}.Debug|Win32.Build.0 = Debug|Win32
		{307A0ADC-9889-4A22-BEB7-E550F4C38EE6}.Debug|x64.ActiveCfg = Debug|x64
		{307A0ADC-9889-4A22-BEB7-E550F4C38EE6}.Debug|x64.Build.0 = Debug|x64
		{307A0ADC-9889-4A22-BEB7-E550F4C38EE6}.Inst|Win32.ActiveCfg = Inst|Win32
		{307A0ADC-9889-4A22-BEB7-E550F4C38EE6}.Inst|Win32.Build.0 = Inst|Win32
		{307A0ADC-9889-4A22-BEB7-E550F4C38EE6}.Inst|x64.ActiveCfg = Inst|x64
		{307A0ADC-9889-4A22-BEB7-E550F4C38EE6}.Inst|x64.Build.0 = Inst|x64
		{307A0ADC-9889-4A22-BEB7-E550F4C38EE6}.Release|Win32.ActiveCfg = Release|Win32
		{307A0ADC-9889-4A22-BEB7-E550F4C38EE6}.Release|Win32.Build.0 = Release|Win32
		{307A0ADC-9889-4A22-BEB7-E550F4C38EE6}.Release|x64.ActiveCfg = Release|x64
		{307A0ADC-9889-4A22-BEB7-E550F4C38EE6}.Release|x64.Build.0 = Release|x64
		{AC2CA0D2-7A92-426B-9B22-3E051E78CB1C}.Debug|Win32.ActiveCfg = Debug|Win32
		{AC2CA0D2-7A92-426B-9B22-3E051E78CB1C}.Debug|Win32.Build.0 = Debug|Win32
		{AC2CA0D2-7A92-426B-9B22-3E051E78CB1C}.Debug|x64.ActiveCfg = Debug|x64
		{AC2CA0D2-7A92-426B-9B22-3E051E78CB1C}.Debug|x64.Build.0 = Debug|x64
		{AC2CA0D2-7A92-426B-9B22-3E051E78CB1C}.Inst|Win32.ActiveCfg = Inst|Win32
		{AC2CA0D2-7A92-426B-9B22-3E051E78CB1C}.Inst|Win32.Build.0 = Inst|Win32
		{AC2CA0D2-7A92-426B-9B22-3E051E78CB1C}.Inst|x64.ActiveCfg = Inst|x64
		{AC2CA0D2-7A92-426B-9B22-3E051E78CB1C}.Inst|x64.Build.0 = Inst|x64
		{AC2CA0D2-7A92-426B-9B22-3E051E78CB1C}.Release|Win32.ActiveCfg = Release|Win32
		{AC2CA0D2-7A92-426B-9B22-3E051E78CB1C}.Release|Win32.Build.0 = Release|Win32
		{AC2CA0D2-7A92-426B-9B22-3E051E78CB1C}.Release|x64.ActiveCfg = Release|x64
		{AC2CA0D2-7A92-426B-9B22-3E051E78CB1C}.Release|x64.Build.0 = Release|x64
		{E3750A12-E03D-4DE9-B932-B56BE7D7A331}.Debug|Win32.ActiveCfg = Debug|Win32
		{E3750A12-E03D-4DE9-B932-B56BE7D7A331}.Debug|Win32.Build.0 = Debug|Win32
		{E3750A12-E03D-4DE9-B932-B56BE7D7A331}.Debug|x64.ActiveCfg = Debug|x64
		{E3750A12-E03D-4DE9-B932-B56BE7D7A331}.Debug|x64.Build.0 = Debug|x64
		{E3750A12-E03D-4DE9-B932-B56BE7D7A331}.Inst|Win32.ActiveCfg = Inst|Win32
		{E3750A12-E03D-4DE9-B932-B56BE7D7A331}.Inst|Win32.Build.0 = Inst|Win32
		{E3750A12-E03D-4DE9-B932-B56BE7D7A331}.Inst|x64.ActiveCfg = Inst|x64
		{E3750A12-E03D-4DE9-B932-B56BE7D7A331}.Inst|x64.Build.0 = Inst|x64
		{E3750A12-E03D-4DE9-B932-B56BE7D7A331}.Release|Win32.ActiveCfg = Release|Win32
		{E3750A12-E03D-4DE9-B932-B56BE7D7A331}.Release|Win32.Build.0 = Release|Win32
		{E3750A12-E03D-4DE9-B932-B56BE7D7A331}.Release|x64.ActiveCfg = Release|x64
		{E3750A12-E03D-4DE9-B932-B56BE7D7A331}.Release|x64.Build.0 = Release|x64
		{D35B4292-4174-467C-A082-1598AD6AD1B7}.Debug|Win32.ActiveCfg = Debug|Win32
		{D35B4292-4174-467C-A082-1598AD6AD1B7}.Debug|Win32.Build.0 = Debug|Win32
		{D35B4292-4174-467C-A082-1598AD6AD1B7}.Debug|x64.ActiveCfg = Debug|x64
		{D35B4292-4174-467C-A082-1598AD6AD1B7}.Debug|x64.Build.0 = Debug|x64
		{D35B4292-4174-467C-A082-1598AD6AD1B7}.Inst|Win32.ActiveCfg = Inst|Win32
		{D35B4292-4174-467C-A082-1598AD6AD1B7}.Inst|Win32.Build.0 = Inst|Win32
		{D35B4292-4174-467C-A082-1598AD6AD1B7}.Inst|x64.ActiveCfg = Inst|x64
		{D35B4292-4174-467C-A082-1598AD6AD1B7}.Inst|x64.Build.0 = Inst|x64
		{D35B4292-4174-467C-A082-1598AD6AD1B7}.Release|Win32.ActiveCfg = Release|Win32
		{D35B4292-4174-467C-A082-1598AD6AD1B7}.Release|Win32.Build.0 = Release|Win32
		{D35B4292-4174-467C-A082-1598AD6AD1B7}.Release|x64.ActiveCfg = Release|x64
		{D35B4292-4174-467C-A082-1598AD6AD1B7}.Release|x64.Build.0 = Release|x64
		{8464CF29-7BCB-4950-90EC-4B1C83E11EBA}.Debug|Win32.ActiveCfg = Debug|Win32
		{8464CF29-7BCB-4950-90EC-4B1C83E11EBA}.Debug|Win32.Build.0 = Debug|Win32
		{8464CF29-7BCB-4950-90EC-4B1C83E11EBA}.Debug|x64.ActiveCfg = Debug|x64
		{8464CF29-7BCB-4950-90EC-4B1C83E11EBA}.Debug|x64.Build.0 = Debug|x64
		{8464CF29-7BCB-4950-90EC-4B1C83E11EBA}.Inst|Win32.ActiveCfg = Inst|Win32
		{8464CF29-7BCB-4950-90EC-4B1C83E11EBA}.Inst|Win32.Build.0 = Inst|Win32
		{8464CF29-7BCB-4950-90EC-4B1C83E11EBA}.Inst|x64.ActiveCfg = Inst|x64
		{8464CF29-7BCB-4950-90EC-4B1C83E11EBA}.Inst|x64.Build.0 = Inst|x64
		{8464CF29-7BCB-4950-90EC-4B1C83E11EBA}.Release|Win32.ActiveCfg = Release|Win32
		{8464CF29-7BCB-4950-90EC-4B1C83E11EBA}.Release|Win32.Build.0 = Release|Win32
		{8464CF29-7BCB-4950-90EC-4B1C83E11EBA}.Release|x64.ActiveCfg = Release|x64
		{8464CF29-7BCB-4950-90EC-4B1C83E11EBA}.Release|x64.Build.0 = Release|x64
		{3AF2E05A-0837-40D8-9826-AFEA10D0286A}.Debug|Win32.ActiveCfg = Debug|Win32
		{3AF2E05A-0837-40D8-9826-AFEA10D0286A}.Debug|Win32.Build.0 = Debug|Win32
		{3AF2E05A-0837-40D8-9826-AFEA10D0286A}.Debug|x64.ActiveCfg = Debug|x64
		{3AF2E05A-0837-40D8-9826-AFEA10D0286A}.Debug|x64.Build.0 = Debug|x64
		{3AF2E05A-0837-40D8-9826-AFEA10D0286A}.Inst|Win32.ActiveCfg = Inst|Win32
		{3AF2E05A-0837-40D8-9826-AFEA10D0286A}.Inst|Win32.Build.0 = Inst|Win32
		{3AF2E05A-0837-40D8-9826-AFEA10D0286A}.Inst|x64.ActiveCfg = Inst|x64
		{3AF2E05A-0837-40D8-9826-AFEA10D0286A}.Inst|x64.Build.0 = Inst|x64
		{3AF2E05A-0837-40D8-9826-AFEA10D0286A}.Release|Win32.ActiveCfg = Release|Win32
		{3AF2E05A-0837-40D8-9826-AFEA10D0286A}.Release|Win32.Build.0 = Release|Win32
		{3AF2E05A-0837-40D8-9826-AFEA10D0286A}.Release|x64.ActiveCfg = Release|x64
		{3AF2E05A-0837-40D8-9826-AFEA10D0286A}.Release|x64.Build.0 = Release|x64
		{3AADE06F-4598-4E79-B492-F43D9E04CC41}.Debug|Win32.ActiveCfg = Debug|Win32
		{3AADE06F-4598-4E79-B492-F43D9E04CC41}.Debug|Win32.Build.0 = Debug|Win32
		{3AADE06F-4598-4E79-B492-F43D9E04CC41}.Debug|x64.ActiveCfg = Debug|x64
		{3AADE06F-4598-4E79-B492-F43D9E04CC41}.Debug|x64.Build.0 = Debug|x64
		{3AADE06F-4598-4E79-B492-F43D9E04CC41}.Inst|Win32.ActiveCfg = Inst|Win32
		{3AADE06F-4598-4E79-B492-F43D9E04CC41}.Inst|Win32.Build.0 = Inst|Win32
		{3AADE06F-4598-4E79-B492-F43D9E04CC41}.Inst|x64.ActiveCfg = Inst|x64
		{3AADE06F-4598-4E79-B492-F43D9E04CC41}.Inst|x64.Build.0 = Inst|x64
		{3AADE06F-4598-4E79-B492-F43D9E04CC41}.Release|Win32.ActiveCfg = Release|Win32
		{3AADE06F-4598-4E79-B492-F43D9E04CC41}.Release|Win32.Build.0 = Release|Win32
		{3AADE06F-4598-4E79-B492-F43D9E04CC41}.Release|x64.ActiveCfg = Release|x64
		{3AADE06F-4598-4E79-B492-F43D9E04CC41}.Release|x64.Build.0 = Release|x64
		{DF6F43FF-5897-48A2-A421-DAD3764C4D65}.Debug|Win32.ActiveCfg = Debug|Win32
		{DF6F43FF-5897-48A2-A421-DAD3764C4D65}.Debug|Win32.Build.0 = Debug|Win32
		{DF6F43FF-5897-48A2-A421-DAD3764C4D65}.Debug|x64.ActiveCfg = Debug|x64
		{DF6F43FF-5897-48A2-A421-DAD3764C4D65}.Debug|x64.Build.0 = Debug|x64
		{DF6F43FF-5897-48A2-A421-DAD3764C4D65}.Inst|Win32.ActiveCfg = Inst|Win32
		{DF6F43FF-5897-48A2-A421-DAD3764C4D65}.Inst|Win32.Build.0 = Inst|Win32
		{DF6F43FF-5897-48A2-A421-DAD3764C4D65}.Inst|x64.ActiveCfg = Inst|x64
		{DF6F43FF-5897-48A2-A421-DAD3764C4D65}.Inst|x64.Build.0 = Inst|x64
		{DF6F43FF-5897-48A2-A421-DAD3764C4D65}.Release|Win32.ActiveCfg = Release|Win32
		{DF6F43FF-5897-48A2-A421-DAD3764C4D65}.Release|Win32.Build.0 = Release|Win32
		{DF6F43FF-5897-48A2-A421-DAD3764C4D65}.Release|x64.ActiveCfg = Release|x64
		{DF6F43FF-5897-48A2-A421-DAD3764C4D65}.Release|x64.Build.0 = Release|x64
		{81DB0CCA-92A5-47F9-850F-8C8E7F962D6F}.Debug|Win32.ActiveCfg = Debug|Win32
		{81DB0CCA-92A5-47F9-850F-8C8E7F962D6F}.Debug|Win32.Build.0 = Debug|Win32
		{81DB0CCA-92A5-47F9-850F-8C8E7F962D6F}.Debug|x64.ActiveCfg = Debug|x64
		{81DB0CCA-92A5-47F9-850F-8C8E7F962D6F}.Debug|x64.Build.0 = Debug|x64
		{81DB0CCA-92A5-47F9-850F-8C8E7F962D6F}.Inst|Win32.ActiveCfg = Inst|Win32
		{81DB0CCA-92A5-47F9-850F-8C8E7F962D6F}.Inst|Win32.Build.0 = Inst|Win32
		{81DB0CCA-92A5-47F9-850F-8C8E7F962D6F}.Inst|x64.ActiveCfg = Inst|x64
		{81DB0CCA-92A5-47F9-850F-8C8E7F962D6F}.Inst|x64.Build.0 = Inst|x64
		{81DB0CCA-92A5-47F9-850F-8C8E7F962D6F}.Release|Win32.ActiveCfg = Release|Win32
		{81DB0CCA-92A5-47F9-850F-8C8E7F962D6F}.Release|Win32.Build.0 = Release|Win32
		{81DB0CCA-92A5-47F9-850F-8C8E7F962D6F}.Release|x64.ActiveCfg = Release|x64
		{81DB0CCA-92A5-47F9-850F-8C8E7F962D6F}.Release|x64.Build.0 = Release|x64
		{1F089039-3228-4B54-B312-F44CB9198AD8}.Debug|Win32.ActiveCfg = Debug|Win32
		{1F089039-3228-4B54-B312-F44CB9198AD8}.Debug|Win32.Build.0 = Debug|Win32
		{1F089039-3228-4B54-B312-F44CB9198AD8}.Debug|x64.ActiveCfg = Debug|x64
		{1F089039-3228-4B54-B312-F44CB9198AD8}.Debug|x64.Build.0 = Debug|x64
		{1F089039-3228-4B54-B312-F44CB9198AD8}.Inst|Win32.ActiveCfg = Inst|Win32
		{1F089039-3228-4B54-B312-F44CB9198AD8}.Inst|Win32.Build.0 = Inst|Win32
		{1F089039-3228-4B54-B312-F44CB9198AD8}.Inst|x64.ActiveCfg = Inst|x64
		{1F089039-3228-4B54-B312-F44CB9198AD8}.Inst|x64.Build.0 = Inst|x64
		{1F089039-3228-4B54-B312-F44CB9198AD8}.Release|Win32.ActiveCfg = Release|Win32
		{1F089039-3228-4B54-B312-F44CB9198AD8}.Release|Win32.Build.0 = Release|Win32
		{1F089039-3228-4B54-B312-F44CB9198AD8}.Release|x64.ActiveCfg = Release|x64
		{1F089039-3228-4B54-B312-F44CB9198AD8}.Release|x64.Build.0 = Release|x64
		{B190632B-DC2F-4CD2-A84F-3E707BBB802E}.Debug|Win32.ActiveCfg = Debug|Win32
		{B190632B-DC2F-4CD2-A84F-3E707BBB802E}.Debug|Win32.Build.0 = Debug|Win32
		{B190632B-DC2F-4CD2-A84F-3E707BBB802E}.Debug|x64.ActiveCfg = Debug|Win32
		{B190632B-DC2F-4CD2-A84F-3E707BBB802E}.Inst|Win32.ActiveCfg = Release|Win32
		{B190632B-DC2F-4CD2-A84F-3E707BBB802E}.Inst|Win32.Build.0 = Release|Win32
		{B190632B-DC2F-4CD2-A84F-3E707BBB802E}.Inst|x64.ActiveCfg = Release|Win32
		{B190632B-DC2F-4CD2-A84F-3E707BBB802E}.Release|Win32.ActiveCfg = Release|Win32
		{B190632B-DC2F-4CD2-A84F-3E707BBB802E}.Release|Win32.Build.0 = Release|Win32
		{B190632B-DC2F-4CD2-A84F-3E707BBB802E}.Release|x64.ActiveCfg = Release|Win32
		{15092A59-7DCF-4440-9D17-F3359135F5FD}.Debug|Win32.ActiveCfg = Debug|Win32
		{15092A59-7DCF-4440-9D17-F3359135F5FD}.Debug|Win32.Build.0 = Debug|Win32
		{15092A59-7DCF-4440-9D17-F3359135F5FD}.Debug|x64.ActiveCfg = Debug|x64
		{15092A59-7DCF-4440-9D17-F3359135F5FD}.Debug|x64.Build.0 = Debug|x64
		{15092A59-7DCF-4440-9D17-F3359135F5FD}.Inst|Win32.ActiveCfg = Inst|Win32
		{15092A59-7DCF-4440-9D17-F3359135F5FD}.Inst|Win32.Build.0 = Inst|Win32
		{15092A59-7DCF-4440-9D17-F3359135F5FD}.Inst|x64.ActiveCfg = Inst|x64
		{15092A59-7DCF-4440-9D17-F3359135F5FD}.Inst|x64.Build.0 = Inst|x64
		{15092A59-7DCF-4440-9D17-F3359135F5FD}.Release|Win32.ActiveCfg = Release|Win32
		{15092A59-7DCF-4440-9D17-F3359135F5FD}.Release|Win32.Build.0 = Release|Win32
		{15092A59-7DCF-4440-9D17-F3359135F5FD}.Release|x64.ActiveCfg = Release|x64
		{15092A59-7DCF-4440-9D17-F3359135F5FD}.Release|x64.Build.0 = Release|x64
		{F25D6B76-A687-453C-9754-F25D338FB660}.Debug|Win32.ActiveCfg = Debug|Win32
		{F25D6B76-A687-453C-9754-F25D338FB660}.Debug|Win32.Build.0 = Debug|Win32
		{F25D6B76-A687-453C-9754-F25D338FB660}.Debug|x64.ActiveCfg = Debug|x64
		{F25D6B76-A687-453C-9754-F25D338FB660}.Debug|x64.Build.0 = Debug|x64
		{F25D6B76-A687-453C-9754-F25D338FB660}.Inst|Win32.ActiveCfg = Inst|Win32
		{F25D6B76-A687-453C-9754-F25D338FB660}.Inst|Win32.Build.0 = Inst|Win32
		{F25D6B76-A687-453C-9754-F25D338FB660}.Inst|x64.ActiveCfg = Inst|x64
		{F25D6B76-A687-453C-9754-F25D338FB660}.Inst|x64.Build.0 = Inst|x64
		{F25D6B76-A687-453C-9754-F25D338FB660}.Release|Win32.ActiveCfg = Release|Win32
		{F25D6B76-A687-453C-9754-F25D338FB660}.Release|Win32.Build.0 = Release|Win32
		{F25D6B76-A687-453C-9754-F25D338FB660}.Release|x64.ActiveCfg = Release|x64
		{F25D6B76-A687-453C-9754-F25D338FB660}.Release|x64.Build.0 = Release|x64
		{15082B91-7C04-4070-B925-951D686CE7AC}.Debug|Win32.ActiveCfg = Debug|Win32
		{15082B91-7C04-4070-B925-951D686CE7AC}.Debug|Win32.Build.0 = Debug|Win32
		{15082B91-7C04-4070-B925-951D686CE7AC}.Debug|x64.ActiveCfg = Debug|x64
		{15082B91-7C04-4070-B925-951D686CE7AC}.Debug|x64.Build.0 = Debug|x64
		{15082B91-7C04-4070-B925-951D686CE7AC}.Inst|Win32.ActiveCfg = Inst|Win32
		{15082B91-7C04-4070-B925-951D686CE7AC}.Inst|Win32.Build.0 = Inst|Win32
		{15082B91-7C04-4070-B925-951D686CE7AC}.Inst|x64.ActiveCfg = Inst|x64
		{15082B91-7C04-4070-B925-951D686CE7AC}.Inst|x64.Build.0 = Inst|x64
		{15082B91-7C04-4070-B925-951D686CE7AC}.Release|Win32.ActiveCfg = Release|Win32
		{15082B91-7C04-4070-B925-951D686CE7AC}.Release|Win32.Build.0 = Release|Win32
		{15082B91-7C04-4070-B925-951D686CE7AC}.Release|x64.ActiveCfg = Release|x64
		{15082B91-7C04-4070-B925-951D686CE7AC}.Release|x64.Build.0 = Release|x64
	EndGlobalSection
	GlobalSection(SolutionProperties) = preSolution
		HideSolutionNode = FALSE
	EndGlobalSection
EndGlobal
