
Microsoft Visual Studio Solution File, Format Version 11.00
# Visual C++ Express 2010
Project("{8BC9CEB8-8B4A-11D0-8D11-00A0C91BC942}") = "midiMonitor", "midimonitor\build\VST_Win32\midiMonitor.vcxproj", "{D96B466C-DB82-48B5-B24F-D2F5CB898F1D}"
EndProject
Project("{8BC9CEB8-8B4A-11D0-8D11-00A0C91BC942}") = "Middy Morphy", "Middy Morphy\build\VST_Win32\Middy Morphy.vcxproj", "{F0F12C3C-375A-497F-B666-E6669EAFE424}"
EndProject
Project("{8BC9CEB8-8B4A-11D0-8D11-00A0C91BC942}") = "midiIn", "midiIn\build\VST_Win32\midiIn.vcxproj", "{C9CD12F3-5B23-40C7-8BDE-36331FACD537}"
EndProject
Project("{8BC9CEB8-8B4A-11D0-8D11-00A0C91BC942}") = "midiOut", "midiOut\build\VST_Win32\midiOut.vcxproj", "{87E29C21-00F1-4171-BE99-D867F4C255D3}"
EndProject
Project("{8BC9CEB8-8B4A-11D0-8D11-00A0C91BC942}") = "Big Clock", "Big Clock\build\VST_Win32\Big Clock.vcxproj", "{26783162-5A55-4BD7-95D1-3F7B7AF700C3}"
EndProject
Project("{8BC9CEB8-8B4A-11D0-8D11-00A0C91BC942}") = "image", "image\build\VST_Win32\image.vcxproj", "{F5C2A1F6-2C36-4101-9D57-7A7863BD4A58}"
EndProject
Project("{8BC9CEB8-8B4A-11D0-8D11-00A0C91BC942}") = "midiLooper", "midiLooper\build\VST_Win32\midiLooper.vcxproj", "{2640F123-79BB-4FD4-9FA4-F79B6971B195}"
EndProject
Project("{8BC9CEB8-8B4A-11D0-8D11-00A0C91BC942}") = "midiPads", "midiPads\build\VST_Win32\midiPads.vcxproj", "{6F0F1E35-EAF8-431A-83D9-F0340921E560}"
EndProject
Project("{8BC9CEB8-8B4A-11D0-8D11-00A0C91BC942}") = "cpuram", "cpuram\build\VST_Win32\cpuram.vcxproj", "{AF20B7C9-160B-41EA-8CC6-930D90A0661D}"
EndProject
Project("{8BC9CEB8-8B4A-11D0-8D11-00A0C91BC942}") = "midiChs", "midiChs\build\VST_Win32\midiChs.vcxproj", "{D92C63E1-4A70-4E3C-A651-C1B29FA5600D}"
EndProject
Project("{8BC9CEB8-8B4A-11D0-8D11-00A0C91BC942}") = "midiCurve", "midiCurve\build\VST_Win32\midiCurve.vcxproj", "{E843E7A4-EDBA-455D-B643-1785F5964351}"
EndProject
Project("{8BC9CEB8-8B4A-11D0-8D11-00A0C91BC942}") = "AudioToCC", "audiotocc\build\VST_Win32\audiotocc.vcxproj", "{17519BF5-2658-4A2E-9360-9E4014CE0F57}"
EndProject
Project("{8BC9CEB8-8B4A-11D0-8D11-00A0C91BC942}") = "midiPBCurve", "midiPBCurve\build\VST_Win32\midiPBCurve.vcxproj", "{4BBB4F9B-E48C-4215-950B-D2CD5E2F6937}"
EndProject
Project("{8BC9CEB8-8B4A-11D0-8D11-00A0C91BC942}") = "midiKeyboard", "midiKeyboard\build\VST_Win32\midiKeyboard.vcxproj", "{FADCFC56-C0D8-4663-A443-C7351B05CC01}"
EndProject
Project("{8BC9CEB8-8B4A-11D0-8D11-00A0C91BC942}") = "midiStep", "midiStep\build\VST_Win32\midiStep.vcxproj", "{602E7544-A288-45CF-AC97-36C36030027F}"
EndProject
Project("{8BC9CEB8-8B4A-11D0-8D11-00A0C91BC942}") = "KVRBrowser", "KVRBrowser\build\VST_Win32\KVRBrowser.vcxproj", "{0903C79F-A326-4AD3-8533-AAF18FD30A8F}"
EndProject
Project("{8BC9CEB8-8B4A-11D0-8D11-00A0C91BC942}") = "midiPCGUI", "midiPCGUI\Builds\VisualStudio2010\midiPCGUI.vcxproj", "{AAA0A308-F6D3-C7F9-5B2E-DF7BDE3E72AE}"
EndProject
Project("{8BC9CEB8-8B4A-11D0-8D11-00A0C91BC942}") = "midiChords", "midiChords\build\VST_Win32\midiChords.vcxproj", "{721D3837-E183-46C3-9F8D-C75AE67E0C7B}"
EndProject
Global
	GlobalSection(SolutionConfigurationPlatforms) = preSolution
		Debug|Win32 = Debug|Win32
		Debug|x64 = Debug|x64
		Release|Win32 = Release|Win32
		Release|x64 = Release|x64
		Standalone|Win32 = Standalone|Win32
		Standalone|x64 = Standalone|x64
	EndGlobalSection
	GlobalSection(ProjectConfigurationPlatforms) = postSolution
		{D96B466C-DB82-48B5-B24F-D2F5CB898F1D}.Debug|Win32.ActiveCfg = Debug|Win32
		{D96B466C-DB82-48B5-B24F-D2F5CB898F1D}.Debug|Win32.Build.0 = Debug|Win32
		{D96B466C-DB82-48B5-B24F-D2F5CB898F1D}.Debug|x64.ActiveCfg = Debug|x64
		{D96B466C-DB82-48B5-B24F-D2F5CB898F1D}.Debug|x64.Build.0 = Debug|x64
		{D96B466C-DB82-48B5-B24F-D2F5CB898F1D}.Release|Win32.ActiveCfg = Release|Win32
		{D96B466C-DB82-48B5-B24F-D2F5CB898F1D}.Release|Win32.Build.0 = Release|Win32
		{D96B466C-DB82-48B5-B24F-D2F5CB898F1D}.Release|x64.ActiveCfg = Release|x64
		{D96B466C-DB82-48B5-B24F-D2F5CB898F1D}.Release|x64.Build.0 = Release|x64
		{D96B466C-DB82-48B5-B24F-D2F5CB898F1D}.Standalone|Win32.ActiveCfg = Standalone|Win32
		{D96B466C-DB82-48B5-B24F-D2F5CB898F1D}.Standalone|Win32.Build.0 = Standalone|Win32
		{D96B466C-DB82-48B5-B24F-D2F5CB898F1D}.Standalone|x64.ActiveCfg = Standalone|x64
		{D96B466C-DB82-48B5-B24F-D2F5CB898F1D}.Standalone|x64.Build.0 = Standalone|x64
		{F0F12C3C-375A-497F-B666-E6669EAFE424}.Debug|Win32.ActiveCfg = Debug|Win32
		{F0F12C3C-375A-497F-B666-E6669EAFE424}.Debug|Win32.Build.0 = Debug|Win32
		{F0F12C3C-375A-497F-B666-E6669EAFE424}.Debug|x64.ActiveCfg = Debug|x64
		{F0F12C3C-375A-497F-B666-E6669EAFE424}.Debug|x64.Build.0 = Debug|x64
		{F0F12C3C-375A-497F-B666-E6669EAFE424}.Release|Win32.ActiveCfg = Release|Win32
		{F0F12C3C-375A-497F-B666-E6669EAFE424}.Release|x64.ActiveCfg = Release|x64
		{F0F12C3C-375A-497F-B666-E6669EAFE424}.Release|x64.Build.0 = Release|x64
		{F0F12C3C-375A-497F-B666-E6669EAFE424}.Standalone|Win32.ActiveCfg = Release|Win32
		{F0F12C3C-375A-497F-B666-E6669EAFE424}.Standalone|Win32.Build.0 = Release|Win32
		{F0F12C3C-375A-497F-B666-E6669EAFE424}.Standalone|x64.ActiveCfg = Release|x64
		{F0F12C3C-375A-497F-B666-E6669EAFE424}.Standalone|x64.Build.0 = Release|x64
		{C9CD12F3-5B23-40C7-8BDE-36331FACD537}.Debug|Win32.ActiveCfg = Debug|Win32
		{C9CD12F3-5B23-40C7-8BDE-36331FACD537}.Debug|Win32.Build.0 = Debug|Win32
		{C9CD12F3-5B23-40C7-8BDE-36331FACD537}.Debug|x64.ActiveCfg = Debug|x64
		{C9CD12F3-5B23-40C7-8BDE-36331FACD537}.Debug|x64.Build.0 = Debug|x64
		{C9CD12F3-5B23-40C7-8BDE-36331FACD537}.Release|Win32.ActiveCfg = Release|Win32
		{C9CD12F3-5B23-40C7-8BDE-36331FACD537}.Release|Win32.Build.0 = Release|Win32
		{C9CD12F3-5B23-40C7-8BDE-36331FACD537}.Release|x64.ActiveCfg = Release|x64
		{C9CD12F3-5B23-40C7-8BDE-36331FACD537}.Release|x64.Build.0 = Release|x64
		{C9CD12F3-5B23-40C7-8BDE-36331FACD537}.Standalone|Win32.ActiveCfg = Standalone|Win32
		{C9CD12F3-5B23-40C7-8BDE-36331FACD537}.Standalone|Win32.Build.0 = Standalone|Win32
		{C9CD12F3-5B23-40C7-8BDE-36331FACD537}.Standalone|x64.ActiveCfg = Standalone|x64
		{C9CD12F3-5B23-40C7-8BDE-36331FACD537}.Standalone|x64.Build.0 = Standalone|x64
		{87E29C21-00F1-4171-BE99-D867F4C255D3}.Debug|Win32.ActiveCfg = Debug|Win32
		{87E29C21-00F1-4171-BE99-D867F4C255D3}.Debug|Win32.Build.0 = Debug|Win32
		{87E29C21-00F1-4171-BE99-D867F4C255D3}.Debug|x64.ActiveCfg = Debug|x64
		{87E29C21-00F1-4171-BE99-D867F4C255D3}.Debug|x64.Build.0 = Debug|x64
		{87E29C21-00F1-4171-BE99-D867F4C255D3}.Release|Win32.ActiveCfg = Release|Win32
		{87E29C21-00F1-4171-BE99-D867F4C255D3}.Release|Win32.Build.0 = Release|Win32
		{87E29C21-00F1-4171-BE99-D867F4C255D3}.Release|x64.ActiveCfg = Release|x64
		{87E29C21-00F1-4171-BE99-D867F4C255D3}.Release|x64.Build.0 = Release|x64
		{87E29C21-00F1-4171-BE99-D867F4C255D3}.Standalone|Win32.ActiveCfg = Standalone|Win32
		{87E29C21-00F1-4171-BE99-D867F4C255D3}.Standalone|Win32.Build.0 = Standalone|Win32
		{87E29C21-00F1-4171-BE99-D867F4C255D3}.Standalone|x64.ActiveCfg = Standalone|x64
		{87E29C21-00F1-4171-BE99-D867F4C255D3}.Standalone|x64.Build.0 = Standalone|x64
		{26783162-5A55-4BD7-95D1-3F7B7AF700C3}.Debug|Win32.ActiveCfg = Debug|Win32
		{26783162-5A55-4BD7-95D1-3F7B7AF700C3}.Debug|Win32.Build.0 = Debug|Win32
		{26783162-5A55-4BD7-95D1-3F7B7AF700C3}.Debug|x64.ActiveCfg = Debug|x64
		{26783162-5A55-4BD7-95D1-3F7B7AF700C3}.Debug|x64.Build.0 = Debug|x64
		{26783162-5A55-4BD7-95D1-3F7B7AF700C3}.Release|Win32.ActiveCfg = Release|Win32
		{26783162-5A55-4BD7-95D1-3F7B7AF700C3}.Release|Win32.Build.0 = Release|Win32
		{26783162-5A55-4BD7-95D1-3F7B7AF700C3}.Release|x64.ActiveCfg = Release|x64
		{26783162-5A55-4BD7-95D1-3F7B7AF700C3}.Release|x64.Build.0 = Release|x64
		{26783162-5A55-4BD7-95D1-3F7B7AF700C3}.Standalone|Win32.ActiveCfg = Standalone|Win32
		{26783162-5A55-4BD7-95D1-3F7B7AF700C3}.Standalone|Win32.Build.0 = Standalone|Win32
		{26783162-5A55-4BD7-95D1-3F7B7AF700C3}.Standalone|x64.ActiveCfg = Standalone|x64
		{26783162-5A55-4BD7-95D1-3F7B7AF700C3}.Standalone|x64.Build.0 = Standalone|x64
		{F5C2A1F6-2C36-4101-9D57-7A7863BD4A58}.Debug|Win32.ActiveCfg = Debug|Win32
		{F5C2A1F6-2C36-4101-9D57-7A7863BD4A58}.Debug|Win32.Build.0 = Debug|Win32
		{F5C2A1F6-2C36-4101-9D57-7A7863BD4A58}.Debug|x64.ActiveCfg = Debug|x64
		{F5C2A1F6-2C36-4101-9D57-7A7863BD4A58}.Debug|x64.Build.0 = Debug|x64
		{F5C2A1F6-2C36-4101-9D57-7A7863BD4A58}.Release|Win32.ActiveCfg = Release|Win32
		{F5C2A1F6-2C36-4101-9D57-7A7863BD4A58}.Release|Win32.Build.0 = Release|Win32
		{F5C2A1F6-2C36-4101-9D57-7A7863BD4A58}.Release|x64.ActiveCfg = Release|x64
		{F5C2A1F6-2C36-4101-9D57-7A7863BD4A58}.Release|x64.Build.0 = Release|x64
		{F5C2A1F6-2C36-4101-9D57-7A7863BD4A58}.Standalone|Win32.ActiveCfg = Standalone|Win32
		{F5C2A1F6-2C36-4101-9D57-7A7863BD4A58}.Standalone|Win32.Build.0 = Standalone|Win32
		{F5C2A1F6-2C36-4101-9D57-7A7863BD4A58}.Standalone|x64.ActiveCfg = Standalone|x64
		{F5C2A1F6-2C36-4101-9D57-7A7863BD4A58}.Standalone|x64.Build.0 = Standalone|x64
		{2640F123-79BB-4FD4-9FA4-F79B6971B195}.Debug|Win32.ActiveCfg = Debug|Win32
		{2640F123-79BB-4FD4-9FA4-F79B6971B195}.Debug|Win32.Build.0 = Debug|Win32
		{2640F123-79BB-4FD4-9FA4-F79B6971B195}.Debug|x64.ActiveCfg = Debug|x64
		{2640F123-79BB-4FD4-9FA4-F79B6971B195}.Debug|x64.Build.0 = Debug|x64
		{2640F123-79BB-4FD4-9FA4-F79B6971B195}.Release|Win32.ActiveCfg = Release|Win32
		{2640F123-79BB-4FD4-9FA4-F79B6971B195}.Release|Win32.Build.0 = Release|Win32
		{2640F123-79BB-4FD4-9FA4-F79B6971B195}.Release|x64.ActiveCfg = Release|x64
		{2640F123-79BB-4FD4-9FA4-F79B6971B195}.Release|x64.Build.0 = Release|x64
		{2640F123-79BB-4FD4-9FA4-F79B6971B195}.Standalone|Win32.ActiveCfg = Standalone|Win32
		{2640F123-79BB-4FD4-9FA4-F79B6971B195}.Standalone|Win32.Build.0 = Standalone|Win32
		{2640F123-79BB-4FD4-9FA4-F79B6971B195}.Standalone|x64.ActiveCfg = Standalone|x64
		{2640F123-79BB-4FD4-9FA4-F79B6971B195}.Standalone|x64.Build.0 = Standalone|x64
		{6F0F1E35-EAF8-431A-83D9-F0340921E560}.Debug|Win32.ActiveCfg = Debug|Win32
		{6F0F1E35-EAF8-431A-83D9-F0340921E560}.Debug|Win32.Build.0 = Debug|Win32
		{6F0F1E35-EAF8-431A-83D9-F0340921E560}.Debug|x64.ActiveCfg = Debug|x64
		{6F0F1E35-EAF8-431A-83D9-F0340921E560}.Debug|x64.Build.0 = Debug|x64
		{6F0F1E35-EAF8-431A-83D9-F0340921E560}.Release|Win32.ActiveCfg = Release|Win32
		{6F0F1E35-EAF8-431A-83D9-F0340921E560}.Release|Win32.Build.0 = Release|Win32
		{6F0F1E35-EAF8-431A-83D9-F0340921E560}.Release|x64.ActiveCfg = Release|x64
		{6F0F1E35-EAF8-431A-83D9-F0340921E560}.Release|x64.Build.0 = Release|x64
		{6F0F1E35-EAF8-431A-83D9-F0340921E560}.Standalone|Win32.ActiveCfg = Standalone|Win32
		{6F0F1E35-EAF8-431A-83D9-F0340921E560}.Standalone|Win32.Build.0 = Standalone|Win32
		{6F0F1E35-EAF8-431A-83D9-F0340921E560}.Standalone|x64.ActiveCfg = Standalone|x64
		{6F0F1E35-EAF8-431A-83D9-F0340921E560}.Standalone|x64.Build.0 = Standalone|x64
		{AF20B7C9-160B-41EA-8CC6-930D90A0661D}.Debug|Win32.ActiveCfg = Debug|Win32
		{AF20B7C9-160B-41EA-8CC6-930D90A0661D}.Debug|Win32.Build.0 = Debug|Win32
		{AF20B7C9-160B-41EA-8CC6-930D90A0661D}.Debug|x64.ActiveCfg = Debug|x64
		{AF20B7C9-160B-41EA-8CC6-930D90A0661D}.Debug|x64.Build.0 = Debug|x64
		{AF20B7C9-160B-41EA-8CC6-930D90A0661D}.Release|Win32.ActiveCfg = Release|Win32
		{AF20B7C9-160B-41EA-8CC6-930D90A0661D}.Release|Win32.Build.0 = Release|Win32
		{AF20B7C9-160B-41EA-8CC6-930D90A0661D}.Release|x64.ActiveCfg = Release|x64
		{AF20B7C9-160B-41EA-8CC6-930D90A0661D}.Release|x64.Build.0 = Release|x64
		{AF20B7C9-160B-41EA-8CC6-930D90A0661D}.Standalone|Win32.ActiveCfg = Standalone|Win32
		{AF20B7C9-160B-41EA-8CC6-930D90A0661D}.Standalone|Win32.Build.0 = Standalone|Win32
		{AF20B7C9-160B-41EA-8CC6-930D90A0661D}.Standalone|x64.ActiveCfg = Standalone|x64
		{AF20B7C9-160B-41EA-8CC6-930D90A0661D}.Standalone|x64.Build.0 = Standalone|x64
		{D92C63E1-4A70-4E3C-A651-C1B29FA5600D}.Debug|Win32.ActiveCfg = Debug|Win32
		{D92C63E1-4A70-4E3C-A651-C1B29FA5600D}.Debug|Win32.Build.0 = Debug|Win32
		{D92C63E1-4A70-4E3C-A651-C1B29FA5600D}.Debug|x64.ActiveCfg = Debug|x64
		{D92C63E1-4A70-4E3C-A651-C1B29FA5600D}.Debug|x64.Build.0 = Debug|x64
		{D92C63E1-4A70-4E3C-A651-C1B29FA5600D}.Release|Win32.ActiveCfg = Release|Win32
		{D92C63E1-4A70-4E3C-A651-C1B29FA5600D}.Release|Win32.Build.0 = Release|Win32
		{D92C63E1-4A70-4E3C-A651-C1B29FA5600D}.Release|x64.ActiveCfg = Release|x64
		{D92C63E1-4A70-4E3C-A651-C1B29FA5600D}.Release|x64.Build.0 = Release|x64
		{D92C63E1-4A70-4E3C-A651-C1B29FA5600D}.Standalone|Win32.ActiveCfg = Standalone|Win32
		{D92C63E1-4A70-4E3C-A651-C1B29FA5600D}.Standalone|Win32.Build.0 = Standalone|Win32
		{D92C63E1-4A70-4E3C-A651-C1B29FA5600D}.Standalone|x64.ActiveCfg = Standalone|x64
		{D92C63E1-4A70-4E3C-A651-C1B29FA5600D}.Standalone|x64.Build.0 = Standalone|x64
		{E843E7A4-EDBA-455D-B643-1785F5964351}.Debug|Win32.ActiveCfg = Debug|Win32
		{E843E7A4-EDBA-455D-B643-1785F5964351}.Debug|Win32.Build.0 = Debug|Win32
		{E843E7A4-EDBA-455D-B643-1785F5964351}.Debug|x64.ActiveCfg = Debug|x64
		{E843E7A4-EDBA-455D-B643-1785F5964351}.Debug|x64.Build.0 = Debug|x64
		{E843E7A4-EDBA-455D-B643-1785F5964351}.Release|Win32.ActiveCfg = Release|Win32
		{E843E7A4-EDBA-455D-B643-1785F5964351}.Release|Win32.Build.0 = Release|Win32
		{E843E7A4-EDBA-455D-B643-1785F5964351}.Release|x64.ActiveCfg = Release|x64
		{E843E7A4-EDBA-455D-B643-1785F5964351}.Release|x64.Build.0 = Release|x64
		{E843E7A4-EDBA-455D-B643-1785F5964351}.Standalone|Win32.ActiveCfg = Standalone|Win32
		{E843E7A4-EDBA-455D-B643-1785F5964351}.Standalone|Win32.Build.0 = Standalone|Win32
		{E843E7A4-EDBA-455D-B643-1785F5964351}.Standalone|x64.ActiveCfg = Standalone|x64
		{E843E7A4-EDBA-455D-B643-1785F5964351}.Standalone|x64.Build.0 = Standalone|x64
		{17519BF5-2658-4A2E-9360-9E4014CE0F57}.Debug|Win32.ActiveCfg = Debug|Win32
		{17519BF5-2658-4A2E-9360-9E4014CE0F57}.Debug|Win32.Build.0 = Debug|Win32
		{17519BF5-2658-4A2E-9360-9E4014CE0F57}.Debug|x64.ActiveCfg = Debug|x64
		{17519BF5-2658-4A2E-9360-9E4014CE0F57}.Debug|x64.Build.0 = Debug|x64
		{17519BF5-2658-4A2E-9360-9E4014CE0F57}.Release|Win32.ActiveCfg = Release|Win32
		{17519BF5-2658-4A2E-9360-9E4014CE0F57}.Release|Win32.Build.0 = Release|Win32
		{17519BF5-2658-4A2E-9360-9E4014CE0F57}.Release|x64.ActiveCfg = Release|x64
		{17519BF5-2658-4A2E-9360-9E4014CE0F57}.Release|x64.Build.0 = Release|x64
		{17519BF5-2658-4A2E-9360-9E4014CE0F57}.Standalone|Win32.ActiveCfg = Standalone|Win32
		{17519BF5-2658-4A2E-9360-9E4014CE0F57}.Standalone|Win32.Build.0 = Standalone|Win32
		{17519BF5-2658-4A2E-9360-9E4014CE0F57}.Standalone|x64.ActiveCfg = Standalone|x64
		{17519BF5-2658-4A2E-9360-9E4014CE0F57}.Standalone|x64.Build.0 = Standalone|x64
		{4BBB4F9B-E48C-4215-950B-D2CD5E2F6937}.Debug|Win32.ActiveCfg = Debug|Win32
		{4BBB4F9B-E48C-4215-950B-D2CD5E2F6937}.Debug|Win32.Build.0 = Debug|Win32
		{4BBB4F9B-E48C-4215-950B-D2CD5E2F6937}.Debug|x64.ActiveCfg = Debug|x64
		{4BBB4F9B-E48C-4215-950B-D2CD5E2F6937}.Debug|x64.Build.0 = Debug|x64
		{4BBB4F9B-E48C-4215-950B-D2CD5E2F6937}.Release|Win32.ActiveCfg = Release|Win32
		{4BBB4F9B-E48C-4215-950B-D2CD5E2F6937}.Release|Win32.Build.0 = Release|Win32
		{4BBB4F9B-E48C-4215-950B-D2CD5E2F6937}.Release|x64.ActiveCfg = Release|x64
		{4BBB4F9B-E48C-4215-950B-D2CD5E2F6937}.Release|x64.Build.0 = Release|x64
		{4BBB4F9B-E48C-4215-950B-D2CD5E2F6937}.Standalone|Win32.ActiveCfg = Standalone|Win32
		{4BBB4F9B-E48C-4215-950B-D2CD5E2F6937}.Standalone|Win32.Build.0 = Standalone|Win32
		{4BBB4F9B-E48C-4215-950B-D2CD5E2F6937}.Standalone|x64.ActiveCfg = Standalone|x64
		{4BBB4F9B-E48C-4215-950B-D2CD5E2F6937}.Standalone|x64.Build.0 = Standalone|x64
		{FADCFC56-C0D8-4663-A443-C7351B05CC01}.Debug|Win32.ActiveCfg = Debug|Win32
		{FADCFC56-C0D8-4663-A443-C7351B05CC01}.Debug|Win32.Build.0 = Debug|Win32
		{FADCFC56-C0D8-4663-A443-C7351B05CC01}.Debug|x64.ActiveCfg = Debug|x64
		{FADCFC56-C0D8-4663-A443-C7351B05CC01}.Debug|x64.Build.0 = Debug|x64
		{FADCFC56-C0D8-4663-A443-C7351B05CC01}.Release|Win32.ActiveCfg = Release|Win32
		{FADCFC56-C0D8-4663-A443-C7351B05CC01}.Release|Win32.Build.0 = Release|Win32
		{FADCFC56-C0D8-4663-A443-C7351B05CC01}.Release|x64.ActiveCfg = Release|x64
		{FADCFC56-C0D8-4663-A443-C7351B05CC01}.Release|x64.Build.0 = Release|x64
		{FADCFC56-C0D8-4663-A443-C7351B05CC01}.Standalone|Win32.ActiveCfg = Standalone|Win32
		{FADCFC56-C0D8-4663-A443-C7351B05CC01}.Standalone|Win32.Build.0 = Standalone|Win32
		{FADCFC56-C0D8-4663-A443-C7351B05CC01}.Standalone|x64.ActiveCfg = Standalone|x64
		{FADCFC56-C0D8-4663-A443-C7351B05CC01}.Standalone|x64.Build.0 = Standalone|x64
		{602E7544-A288-45CF-AC97-36C36030027F}.Debug|Win32.ActiveCfg = Debug|Win32
		{602E7544-A288-45CF-AC97-36C36030027F}.Debug|Win32.Build.0 = Debug|Win32
		{602E7544-A288-45CF-AC97-36C36030027F}.Debug|x64.ActiveCfg = Debug|x64
		{602E7544-A288-45CF-AC97-36C36030027F}.Debug|x64.Build.0 = Debug|x64
		{602E7544-A288-45CF-AC97-36C36030027F}.Release|Win32.ActiveCfg = Release|Win32
		{602E7544-A288-45CF-AC97-36C36030027F}.Release|Win32.Build.0 = Release|Win32
		{602E7544-A288-45CF-AC97-36C36030027F}.Release|x64.ActiveCfg = Release|x64
		{602E7544-A288-45CF-AC97-36C36030027F}.Release|x64.Build.0 = Release|x64
		{602E7544-A288-45CF-AC97-36C36030027F}.Standalone|Win32.ActiveCfg = Standalone|Win32
		{602E7544-A288-45CF-AC97-36C36030027F}.Standalone|Win32.Build.0 = Standalone|Win32
		{602E7544-A288-45CF-AC97-36C36030027F}.Standalone|x64.ActiveCfg = Standalone|x64
		{602E7544-A288-45CF-AC97-36C36030027F}.Standalone|x64.Build.0 = Standalone|x64
		{0903C79F-A326-4AD3-8533-AAF18FD30A8F}.Debug|Win32.ActiveCfg = Debug|Win32
		{0903C79F-A326-4AD3-8533-AAF18FD30A8F}.Debug|Win32.Build.0 = Debug|Win32
		{0903C79F-A326-4AD3-8533-AAF18FD30A8F}.Debug|x64.ActiveCfg = Debug|x64
		{0903C79F-A326-4AD3-8533-AAF18FD30A8F}.Debug|x64.Build.0 = Debug|x64
		{0903C79F-A326-4AD3-8533-AAF18FD30A8F}.Release|Win32.ActiveCfg = Release|Win32
		{0903C79F-A326-4AD3-8533-AAF18FD30A8F}.Release|Win32.Build.0 = Release|Win32
		{0903C79F-A326-4AD3-8533-AAF18FD30A8F}.Release|x64.ActiveCfg = Release|x64
		{0903C79F-A326-4AD3-8533-AAF18FD30A8F}.Release|x64.Build.0 = Release|x64
		{0903C79F-A326-4AD3-8533-AAF18FD30A8F}.Standalone|Win32.ActiveCfg = Standalone|Win32
		{0903C79F-A326-4AD3-8533-AAF18FD30A8F}.Standalone|Win32.Build.0 = Standalone|Win32
		{0903C79F-A326-4AD3-8533-AAF18FD30A8F}.Standalone|x64.ActiveCfg = Standalone|x64
		{0903C79F-A326-4AD3-8533-AAF18FD30A8F}.Standalone|x64.Build.0 = Standalone|x64
		{AAA0A308-F6D3-C7F9-5B2E-DF7BDE3E72AE}.Debug|Win32.ActiveCfg = Debug|Win32
		{AAA0A308-F6D3-C7F9-5B2E-DF7BDE3E72AE}.Debug|Win32.Build.0 = Debug|Win32
		{AAA0A308-F6D3-C7F9-5B2E-DF7BDE3E72AE}.Debug|x64.ActiveCfg = Debug|x64
		{AAA0A308-F6D3-C7F9-5B2E-DF7BDE3E72AE}.Debug|x64.Build.0 = Debug|x64
		{AAA0A308-F6D3-C7F9-5B2E-DF7BDE3E72AE}.Release|Win32.ActiveCfg = Release|Win32
		{AAA0A308-F6D3-C7F9-5B2E-DF7BDE3E72AE}.Release|Win32.Build.0 = Release|Win32
		{AAA0A308-F6D3-C7F9-5B2E-DF7BDE3E72AE}.Release|x64.ActiveCfg = Release|x64
		{AAA0A308-F6D3-C7F9-5B2E-DF7BDE3E72AE}.Release|x64.Build.0 = Release|x64
		{AAA0A308-F6D3-C7F9-5B2E-DF7BDE3E72AE}.Standalone|Win32.ActiveCfg = Release|x64
		{AAA0A308-F6D3-C7F9-5B2E-DF7BDE3E72AE}.Standalone|x64.ActiveCfg = Release|x64
		{AAA0A308-F6D3-C7F9-5B2E-DF7BDE3E72AE}.Standalone|x64.Build.0 = Release|x64
		{721D3837-E183-46C3-9F8D-C75AE67E0C7B}.Debug|Win32.ActiveCfg = Debug|Win32
		{721D3837-E183-46C3-9F8D-C75AE67E0C7B}.Debug|Win32.Build.0 = Debug|Win32
		{721D3837-E183-46C3-9F8D-C75AE67E0C7B}.Debug|x64.ActiveCfg = Debug|x64
		{721D3837-E183-46C3-9F8D-C75AE67E0C7B}.Debug|x64.Build.0 = Debug|x64
		{721D3837-E183-46C3-9F8D-C75AE67E0C7B}.Release|Win32.ActiveCfg = Release|Win32
		{721D3837-E183-46C3-9F8D-C75AE67E0C7B}.Release|Win32.Build.0 = Release|Win32
		{721D3837-E183-46C3-9F8D-C75AE67E0C7B}.Release|x64.ActiveCfg = Release|x64
		{721D3837-E183-46C3-9F8D-C75AE67E0C7B}.Release|x64.Build.0 = Release|x64
		{721D3837-E183-46C3-9F8D-C75AE67E0C7B}.Standalone|Win32.ActiveCfg = Standalone|Win32
		{721D3837-E183-46C3-9F8D-C75AE67E0C7B}.Standalone|Win32.Build.0 = Standalone|Win32
		{721D3837-E183-46C3-9F8D-C75AE67E0C7B}.Standalone|x64.ActiveCfg = Standalone|x64
		{721D3837-E183-46C3-9F8D-C75AE67E0C7B}.Standalone|x64.Build.0 = Standalone|x64
	EndGlobalSection
	GlobalSection(SolutionProperties) = preSolution
		HideSolutionNode = FALSE
	EndGlobalSection
EndGlobal
