<?xml version="1.0" encoding="utf-8"?>
<Project ToolsVersion="4.0" xmlns="http://schemas.microsoft.com/developer/msbuild/2003">
  <ItemGroup>
    <Filter Include="Source Files">
      <UniqueIdentifier>{4FC737F1-C7A5-4376-A066-2A32D752A2FF}</UniqueIdentifier>
      <Extensions>cpp;c;cc;cxx;def;odl;idl;hpj;bat;asm;asmx</Extensions>
    </Filter>
    <Filter Include="Source Files\vst2.x">
      <UniqueIdentifier>{23a2dd2a-9e95-4f82-9acd-34da81514685}</UniqueIdentifier>
    </Filter>
    <Filter Include="Source Files\PizMidi">
      <UniqueIdentifier>{ece486bf-ded5-4d30-8b53-ed8f1cfa9a6d}</UniqueIdentifier>
    </Filter>
  </ItemGroup>
  <ItemGroup>
    <ClCompile Include="midiKeySplit4.cpp">
      <Filter>Source Files</Filter>
    </ClCompile>
    <ClCompile Include="..\..\vstsdk2.4\public.sdk\source\vst2.x\audioeffect.cpp">
      <Filter>Source Files\vst2.x</Filter>
    </ClCompile>
    <ClCompile Include="..\..\vstsdk2.4\public.sdk\source\vst2.x\audioeffectx.cpp">
      <Filter>Source Files\vst2.x</Filter>
    </ClCompile>
    <ClCompile Include="..\common\vstplugmain.cpp">
      <Filter>Source Files\PizMidi</Filter>
    </ClCompile>
    <ClCompile Include="..\common\PizMidi.cpp">
      <Filter>Source Files\PizMidi</Filter>
    </ClCompile>
  </ItemGroup>
  <ItemGroup>
    <ClInclude Include="midiKeySplit4.hpp">
      <Filter>Source Files</Filter>
    </ClInclude>
    <ClInclude Include="..\common\pizvstbase.h">
      <Filter>Source Files\PizMidi</Filter>
    </ClInclude>
    <ClInclude Include="..\common\MIDI.h">
      <Filter>Source Files\PizMidi</Filter>
    </ClInclude>
    <ClInclude Include="..\common\PizMidi.h">
      <Filter>Source Files\PizMidi</Filter>
    </ClInclude>
    <ClInclude Include="PizPluginInfo.h">
      <Filter>Source Files</Filter>
    </ClInclude>
  </ItemGroup>
</Project>