<?xml version="1.0" encoding="utf-8"?>
<Project ToolsVersion="4.0" xmlns="http://schemas.microsoft.com/developer/msbuild/2003">
  <ItemGroup>
    <Filter Include="Source Files">
      <UniqueIdentifier>{4FC737F1-C7A5-4376-A066-2A32D752A2FF}</UniqueIdentifier>
      <Extensions>cpp;c;cc;cxx;def;odl;idl;hpj;bat;asm;asmx</Extensions>
    </Filter>
    <Filter Include="Source Files\vst2.x">
      <UniqueIdentifier>{046adea1-d473-4cc7-ba68-705b29827aa4}</UniqueIdentifier>
    </Filter>
    <Filter Include="Interfaces">
      <UniqueIdentifier>{a4653471-563a-4b16-8134-c807df89461f}</UniqueIdentifier>
    </Filter>
    <Filter Include="Source Files\PizMidi">
      <UniqueIdentifier>{2c00e7aa-6591-435d-92c6-a02b2c1df7e3}</UniqueIdentifier>
    </Filter>
  </ItemGroup>
  <ItemGroup>
    <ClCompile Include="midiStrum.cpp">
      <Filter>Source Files</Filter>
    </ClCompile>
    <ClCompile Include="..\..\vstsdk2.4\public.sdk\source\vst2.x\audioeffect.cpp">
      <Filter>Source Files\vst2.x</Filter>
    </ClCompile>
    <ClCompile Include="..\..\vstsdk2.4\public.sdk\source\vst2.x\audioeffectx.cpp">
      <Filter>Source Files\vst2.x</Filter>
    </ClCompile>
    <ClCompile Include="..\common\vstplugmain.cpp">
      <Filter>Source Files\PizMidi</Filter>
    </ClCompile>
    <ClCompile Include="..\common\PizMidi.cpp">
      <Filter>Source Files\PizMidi</Filter>
    </ClCompile>
  </ItemGroup>
  <ItemGroup>
    <ClInclude Include="midiStrum.hpp">
      <Filter>Source Files</Filter>
    </ClInclude>
    <ClInclude Include="..\..\..\..\pluginterfaces\vst2.x\aeffect.h">
      <Filter>Interfaces</Filter>
    </ClInclude>
    <ClInclude Include="..\..\..\..\pluginterfaces\vst2.x\aeffectx.h">
      <Filter>Interfaces</Filter>
    </ClInclude>
    <ClInclude Include="..\..\..\..\pluginterfaces\vst2.x\vstfxstore.h">
      <Filter>Interfaces</Filter>
    </ClInclude>
    <ClInclude Include="..\common\pizvstbase.h">
      <Filter>Source Files\PizMidi</Filter>
    </ClInclude>
    <ClInclude Include="..\common\MIDI.h">
      <Filter>Source Files\PizMidi</Filter>
    </ClInclude>
    <ClInclude Include="..\common\PizMidi.h">
      <Filter>Source Files\PizMidi</Filter>
    </ClInclude>
    <ClInclude Include="PizPluginInfo.h">
      <Filter>Source Files</Filter>
    </ClInclude>
  </ItemGroup>
</Project>