<?xml version="1.0" encoding="utf-8"?>
<Project ToolsVersion="4.0" xmlns="http://schemas.microsoft.com/developer/msbuild/2003">
  <ItemGroup>
    <Filter Include="Source Files">
      <UniqueIdentifier>{4FC737F1-C7A5-4376-A066-2A32D752A2FF}</UniqueIdentifier>
      <Extensions>cpp;c;cc;cxx;def;odl;idl;hpj;bat;asm;asmx</Extensions>
    </Filter>
    <Filter Include="Source Files\vst2.x">
      <UniqueIdentifier>{ea10369d-7df8-4d25-b7bd-75be00d4787e}</UniqueIdentifier>
    </Filter>
    <Filter Include="Interfaces">
      <UniqueIdentifier>{016863b5-070a-44ce-b72f-33cf24d06abd}</UniqueIdentifier>
    </Filter>
    <Filter Include="Source Files\PizMidi">
      <UniqueIdentifier>{86200950-14df-4df2-9ebb-9b18ba43d174}</UniqueIdentifier>
    </Filter>
  </ItemGroup>
  <ItemGroup>
    <ClInclude Include="midiAlias.hpp">
      <Filter>Source Files</Filter>
    </ClInclude>
    <ClInclude Include="..\..\..\..\pluginterfaces\vst2.x\aeffect.h">
      <Filter>Interfaces</Filter>
    </ClInclude>
    <ClInclude Include="..\..\..\..\pluginterfaces\vst2.x\aeffectx.h">
      <Filter>Interfaces</Filter>
    </ClInclude>
    <ClInclude Include="..\..\..\..\pluginterfaces\vst2.x\vstfxstore.h">
      <Filter>Interfaces</Filter>
    </ClInclude>
    <ClInclude Include="..\common\pizvstbase.h">
      <Filter>Source Files\PizMidi</Filter>
    </ClInclude>
    <ClInclude Include="..\common\MIDI.h">
      <Filter>Source Files\PizMidi</Filter>
    </ClInclude>
    <ClInclude Include="PizPluginInfo.h">
      <Filter>Source Files</Filter>
    </ClInclude>
    <ClInclude Include="..\common\PizMidi.h">
      <Filter>Source Files\PizMidi</Filter>
    </ClInclude>
  </ItemGroup>
  <ItemGroup>
    <ClCompile Include="midiAlias.cpp">
      <Filter>Source Files</Filter>
    </ClCompile>
    <ClCompile Include="..\..\vstsdk2.4\public.sdk\source\vst2.x\audioeffect.cpp">
      <Filter>Source Files\vst2.x</Filter>
    </ClCompile>
    <ClCompile Include="..\..\vstsdk2.4\public.sdk\source\vst2.x\audioeffectx.cpp">
      <Filter>Source Files\vst2.x</Filter>
    </ClCompile>
    <ClCompile Include="..\common\vstplugmain.cpp">
      <Filter>Source Files\PizMidi</Filter>
    </ClCompile>
    <ClCompile Include="..\common\PizMidi.cpp">
      <Filter>Source Files\PizMidi</Filter>
    </ClCompile>
  </ItemGroup>
</Project>