<?xml version="1.0" encoding="utf-8"?>
<Project ToolsVersion="4.0" xmlns="http://schemas.microsoft.com/developer/msbuild/2003">
  <ItemGroup>
    <Filter Include="midiPCGUI">
      <UniqueIdentifier>{93baf35f-cfcd-4de6-881f-fbf8b3051502}</UniqueIdentifier>
    </Filter>
    <Filter Include="midiPCGUI\Source">
      <UniqueIdentifier>{af15473c-659f-41b8-9d44-58f06460bdf9}</UniqueIdentifier>
    </Filter>
    <Filter Include="Juce Library Code">
      <UniqueIdentifier>{fd426fdc-1302-45d0-a44d-b6b7338d8975}</UniqueIdentifier>
    </Filter>
  </ItemGroup>
  <ItemGroup>
    <ClCompile Include="..\..\..\common\LookAndFeel.cpp">
      <Filter>midiPCGUI\Source</Filter>
    </ClCompile>
    <ClCompile Include="..\..\..\common\VSTSlider.cpp">
      <Filter>midiPCGUI\Source</Filter>
    </ClCompile>
    <ClCompile Include="..\..\Source\midiPCGUI.cpp">
      <Filter>midiPCGUI\Source</Filter>
    </ClCompile>
    <ClCompile Include="..\..\Source\midiPCGUIEditor.cpp">
      <Filter>midiPCGUI\Source</Filter>
    </ClCompile>
    <ClCompile Include="..\..\JuceLibraryCode\JuceLibraryCode1.cpp">
      <Filter>Juce Library Code</Filter>
    </ClCompile>
    <ClCompile Include="..\..\JuceLibraryCode\JuceLibraryCode2.cpp">
      <Filter>Juce Library Code</Filter>
    </ClCompile>
    <ClCompile Include="..\..\JuceLibraryCode\JuceLibraryCode3.cpp">
      <Filter>Juce Library Code</Filter>
    </ClCompile>
    <ClCompile Include="..\..\JuceLibraryCode\JuceLibraryCode4.cpp">
      <Filter>Juce Library Code</Filter>
    </ClCompile>
    <ClCompile Include="..\..\..\common\juce_VstWrapper_piz.cpp">
      <Filter>Juce Library Code</Filter>
    </ClCompile>
  </ItemGroup>
  <ItemGroup>
    <ClInclude Include="..\..\..\common\LookAndFeel.h">
      <Filter>midiPCGUI\Source</Filter>
    </ClInclude>
    <ClInclude Include="..\..\..\common\VSTSlider.h">
      <Filter>midiPCGUI\Source</Filter>
    </ClInclude>
    <ClInclude Include="..\..\Source\midiPCGUI.h">
      <Filter>midiPCGUI\Source</Filter>
    </ClInclude>
    <ClInclude Include="..\..\Source\midiPCGUIEditor.h">
      <Filter>midiPCGUI\Source</Filter>
    </ClInclude>
    <ClInclude Include="..\..\JuceLibraryCode\AppConfig.h">
      <Filter>Juce Library Code</Filter>
    </ClInclude>
    <ClInclude Include="..\..\JuceLibraryCode\JuceHeader.h">
      <Filter>Juce Library Code</Filter>
    </ClInclude>
    <ClInclude Include="..\..\JuceLibraryCode\JucePluginCharacteristics.h">
      <Filter>Juce Library Code</Filter>
    </ClInclude>
  </ItemGroup>
</Project>