// !$*UTF8*$!
{
	archiveVersion = 1;
	classes = {
	};
	objectVersion = 45;
	objects = {

		A00BD894FD5DF8735CC9BA48 = { isa = PBXBuildFile; fileRef = 398B712B97F865CC0DD0926D; };
		EC2FA3E780B7539374525BB6 = { isa = PBXBuildFile; fileRef = 78D1F0113D2AA657DE0F5DF1; };
		375C055FCBEAE9B40533E79D = { isa = PBXBuildFile; fileRef = 3A4D14959F11E7FA0A36EF3D; };
		77D0BE651212AE1E7F608E60 = { isa = PBXBuildFile; fileRef = E99813BD1A5AE3086794B5C2; };
		FB8DF1568AFAB5F34277B4A8 = { isa = PBXBuildFile; fileRef = 10635295AF567E8769447F6A; };
		1B532489B15B6DDC166C101C = { isa = PBXBuildFile; fileRef = A94E3B0E79D1809C5E1BF1A8; };
		516F4FD58448BEA6BCA698C4 = { isa = PBXBuildFile; fileRef = DAD180FFAA4C328B8DD67232; };
		CFA73F9631134B94CB9E17C7 = { isa = PBXBuildFile; fileRef = 944D130BA7C52CA19BF77667; };
		001F9D389DA1913A62297D71 = { isa = PBXBuildFile; fileRef = 58FB3958E134D52FABD8C10E; };
		C8F5C29782F2A876914697CC = { isa = PBXBuildFile; fileRef = 5C93B074AE764178D117D4CF; };
		5385161897D7E09EE395E305 = { isa = PBXBuildFile; fileRef = FF28F9E780EDEFCE0EC86B2A; };
		44027437A3D266C83D00DDD3 = { isa = PBXBuildFile; fileRef = 8AC105E25E5AE1190D110B61; };
		F32E23587EF8E5ABBBE49EF1 = { isa = PBXBuildFile; fileRef = 7361A33ED4BF9D9B4B921D49; };
		7DAFD4F893898EAF9EC62026 = { isa = PBXBuildFile; fileRef = BBA2DBBF70AAC5C5D9524B6A; };
		44027437A3D266C83D00DDD3 = { isa = PBXBuildFile; fileRef = 8AC105E25E5AE1190D110B61; };
		4A2D3634CDF62227FF72B428 = { isa = PBXBuildFile; fileRef = E43D4A56011456E0203ECCDB; };
		D4F54B62137FFC84F0D0B526 = { isa = PBXBuildFile; fileRef = D381F351AF017618191546D2; };
		6E3788DEEE4583D333747B4C = { isa = PBXBuildFile; fileRef = AC26E858208B5EB3E456CDFE; };
		26C5136838AD24D2AC75B27E = { isa = PBXBuildFile; fileRef = E93312B036DEEF0BE50232C8; };
		216654999823FFDAA52FD856 = { isa = PBXBuildFile; fileRef = B96A8C980E806A59AE2AC14C; };
		3DFC643A74EFC5E2C0F41D51 = { isa = PBXBuildFile; fileRef = 028055931B7BED8C821E448B; };
		498374CB50AA9CFAFAD9616C = { isa = PBXBuildFile; fileRef = 4CB71E9F285660AF66F1C8CB; };
		4519846C2C75520224BEA567 = { isa = PBXBuildFile; fileRef = 95DEE68A3441D2D33AD54C0A; };
		92598938109D82261C12EF5C = { isa = PBXBuildFile; fileRef = 381A6664E9FD462A13BD8E06; };
		87E81567EBA449466A954925 = { isa = PBXBuildFile; fileRef = 768376B6E3DB141DDF5EFF63; };
		FE77C7186E81570638784E18 = { isa = PBXBuildFile; fileRef = 38211D01071E8D7B7D03DCBD; };
		7F2F0CE497B42CACDAD6462C = { isa = PBXBuildFile; fileRef = B960B67616416D543252C09C; };
		5F7D029AF7D9B3C2AAA7D5C9 = { isa = PBXBuildFile; fileRef = 04C1792D3F984409A44B8EA7; settings = {COMPILER_FLAGS = "-w"; }; };
		DFCE4011449A77250FA7B057 = { isa = PBXBuildFile; fileRef = D08D302AC21CEBF95DEE68A3; settings = {COMPILER_FLAGS = "-w"; }; };
		8358F59872153E2B93552998 = { isa = PBXBuildFile; fileRef = F908188A8AEA8DA663F67869; settings = {COMPILER_FLAGS = "-w"; }; };
		DAB5E5452DF8F91208B6C47B = { isa = PBXBuildFile; fileRef = CD51A625A3AFC0ABB82404B9; settings = {COMPILER_FLAGS = "-w"; }; };
		8DC4CA60933FF3D69B3E67F3 = { isa = PBXBuildFile; fileRef = D8A3B524E7E4F3497F029982; settings = {COMPILER_FLAGS = "-w"; }; };
		4F2B7EB3DD1CBEB1FAC1351E = { isa = PBXBuildFile; fileRef = 04365F4B8D571C7DE43FB314; settings = {COMPILER_FLAGS = "-w"; }; };
		5AE8D5B172CE56B22A567DDF = { isa = PBXBuildFile; fileRef = BF4622FCE02CACB073D9703B; settings = {COMPILER_FLAGS = "-w"; }; };
		1914858C1B716294B847B39F = { isa = PBXBuildFile; fileRef = 81905DE6F6986AADA07D0CB8; settings = {COMPILER_FLAGS = "-w"; }; };
		AF88E68085D27CADAA5A219B = { isa = PBXBuildFile; fileRef = 4A1DE6DFAADBE90080549D94; settings = {COMPILER_FLAGS = "-w"; }; };
		3691CC5D0B421C673610394F = { isa = PBXBuildFile; fileRef = 421D5F29661F3B2CC7EB9777; settings = {COMPILER_FLAGS = "-w"; }; };
		13E12213AD7B4BEB28A31BEA = { isa = PBXBuildFile; fileRef = FB2C1705ACE9CB823D63AC45; settings = {COMPILER_FLAGS = "-w"; }; };
		C740C47D816D7B2FE1842CBD = { isa = PBXBuildFile; fileRef = 99194C54D862E34DC50001D5; settings = {COMPILER_FLAGS = "-w"; }; };
		4292FD511DF0E2C264517717 = { isa = PBXBuildFile; fileRef = E34ED755C46705DE17211DA9; settings = {COMPILER_FLAGS = "-w"; }; };
		9DBD429BD93486485C401292 = { isa = PBXBuildFile; fileRef = 416246D399D2F600DDCB518B; settings = {COMPILER_FLAGS = "-w"; }; };
		2C7BA5FEE69AACB4AF19874D = { isa = PBXBuildFile; fileRef = F975F3E60D2FD7966B8C7F92; settings = {COMPILER_FLAGS = "-w"; }; };
		660D8DD84207482BF6E3DAFF = { isa = PBXBuildFile; fileRef = 09438FB78AA441C09439D4C5; settings = {COMPILER_FLAGS = "-w"; }; };
		08990B53C690B741BB8C3C64 = { isa = PBXBuildFile; fileRef = 8F43F1092DB93A214F88A512; settings = {COMPILER_FLAGS = "-w"; }; };
		91C43B4AE475789C5280E351 = { isa = PBXBuildFile; fileRef = 24C3D1AC1D952C984DD6E3EC; settings = {COMPILER_FLAGS = "-w"; }; };
		3A1CBBC1F0A8759ACE7907F2 = { isa = PBXBuildFile; fileRef = 0BE67CF0B0AE128E4B83507A; settings = {COMPILER_FLAGS = "-w"; }; };
		D35FE9427C9E2C25C44CDFC5 = { isa = PBXBuildFile; fileRef = F665E05EB16E6F269A1ED0B5; settings = {COMPILER_FLAGS = "-w"; }; };
		76CE722B53BDEA70F3FD89CE = { isa = PBXBuildFile; fileRef = BD1AD3AB974F728CDFC714D7; settings = {COMPILER_FLAGS = "-w"; }; };
		8859213D90BD0B04C5EEB3D6 = { isa = PBXBuildFile; fileRef = FD7195A3E37EEAA84C016F07; settings = {COMPILER_FLAGS = "-w"; }; };
		398B712B97F865CC0DD0926D = { isa = PBXFileReference; lastKnownFileType = wrapper.framework; name = Cocoa.framework; path = System/Library/Frameworks/Cocoa.framework; sourceTree = SDKROOT; };
		78D1F0113D2AA657DE0F5DF1 = { isa = PBXFileReference; lastKnownFileType = wrapper.framework; name = Carbon.framework; path = System/Library/Frameworks/Carbon.framework; sourceTree = SDKROOT; };
		3A4D14959F11E7FA0A36EF3D = { isa = PBXFileReference; lastKnownFileType = wrapper.framework; name = IOKit.framework; path = System/Library/Frameworks/IOKit.framework; sourceTree = SDKROOT; };
		E99813BD1A5AE3086794B5C2 = { isa = PBXFileReference; lastKnownFileType = wrapper.framework; name = CoreAudio.framework; path = System/Library/Frameworks/CoreAudio.framework; sourceTree = SDKROOT; };
		10635295AF567E8769447F6A = { isa = PBXFileReference; lastKnownFileType = wrapper.framework; name = CoreMIDI.framework; path = System/Library/Frameworks/CoreMIDI.framework; sourceTree = SDKROOT; };
		A94E3B0E79D1809C5E1BF1A8 = { isa = PBXFileReference; lastKnownFileType = wrapper.framework; name = WebKit.framework; path = System/Library/Frameworks/WebKit.framework; sourceTree = SDKROOT; };
		DAD180FFAA4C328B8DD67232 = { isa = PBXFileReference; lastKnownFileType = wrapper.framework; name = DiscRecording.framework; path = System/Library/Frameworks/DiscRecording.framework; sourceTree = SDKROOT; };
		944D130BA7C52CA19BF77667 = { isa = PBXFileReference; lastKnownFileType = wrapper.framework; name = OpenGL.framework; path = System/Library/Frameworks/OpenGL.framework; sourceTree = SDKROOT; };
		58FB3958E134D52FABD8C10E = { isa = PBXFileReference; lastKnownFileType = wrapper.framework; name = QuartzCore.framework; path = System/Library/Frameworks/QuartzCore.framework; sourceTree = SDKROOT; };
		5C93B074AE764178D117D4CF = { isa = PBXFileReference; lastKnownFileType = wrapper.framework; name = QTKit.framework; path = System/Library/Frameworks/QTKit.framework; sourceTree = SDKROOT; };
		FF28F9E780EDEFCE0EC86B2A = { isa = PBXFileReference; lastKnownFileType = wrapper.framework; name = QuickTime.framework; path = System/Library/Frameworks/QuickTime.framework; sourceTree = SDKROOT; };
		8AC105E25E5AE1190D110B61 = { isa = PBXFileReference; lastKnownFileType = wrapper.framework; name = AudioToolbox.framework; path = System/Library/Frameworks/AudioToolbox.framework; sourceTree = SDKROOT; };
		7361A33ED4BF9D9B4B921D49 = { isa = PBXFileReference; lastKnownFileType = wrapper.framework; name = AudioUnit.framework; path = System/Library/Frameworks/AudioUnit.framework; sourceTree = SDKROOT; };
		BBA2DBBF70AAC5C5D9524B6A = { isa = PBXFileReference; lastKnownFileType = wrapper.framework; name = CoreAudioKit.framework; path = System/Library/Frameworks/CoreAudioKit.framework; sourceTree = SDKROOT; };
		8AC105E25E5AE1190D110B61 = { isa = PBXFileReference; lastKnownFileType = wrapper.framework; name = AudioToolbox.framework; path = System/Library/Frameworks/AudioToolbox.framework; sourceTree = SDKROOT; };
		371D3FBC81A35CD109584AC1 = { isa = PBXFileReference; explicitFileType = wrapper.cfbundle; includeInIndex = 0; path = "midiPCGUI debug.component"; sourceTree = "BUILT_PRODUCTS_DIR"; };
		19F1AEBEB2DA96D1D9F60E4F = { isa = PBXFileReference; lastKnownFileType = text.plist.xml; name = Info.plist; path = Info.plist; sourceTree = "SOURCE_ROOT"; };
		E43D4A56011456E0203ECCDB = { isa = PBXFileReference; lastKnownFileType = sourcecode.cpp.cpp; name = LookAndFeel.cpp; path = ../../../common/LookAndFeel.cpp; sourceTree = "SOURCE_ROOT"; };
		ABFE3737F7E0879976A6EE6A = { isa = PBXFileReference; lastKnownFileType = sourcecode.c.h; name = LookAndFeel.h; path = ../../../common/LookAndFeel.h; sourceTree = "SOURCE_ROOT"; };
		4985282BD942A945A908F5E0 = { isa = PBXFileReference; lastKnownFileType = sourcecode.c.h; name = VSTSlider.h; path = ../../../common/VSTSlider.h; sourceTree = "SOURCE_ROOT"; };
		D381F351AF017618191546D2 = { isa = PBXFileReference; lastKnownFileType = sourcecode.cpp.cpp; name = VSTSlider.cpp; path = ../../../common/VSTSlider.cpp; sourceTree = "SOURCE_ROOT"; };
		AC26E858208B5EB3E456CDFE = { isa = PBXFileReference; lastKnownFileType = sourcecode.cpp.cpp; name = midiPCGUI.cpp; path = ../../Source/midiPCGUI.cpp; sourceTree = "SOURCE_ROOT"; };
		9B2942610BA422BC2703EA1B = { isa = PBXFileReference; lastKnownFileType = sourcecode.c.h; name = midiPCGUI.h; path = ../../Source/midiPCGUI.h; sourceTree = "SOURCE_ROOT"; };
		E93312B036DEEF0BE50232C8 = { isa = PBXFileReference; lastKnownFileType = sourcecode.cpp.cpp; name = midiPCGUIEditor.cpp; path = ../../Source/midiPCGUIEditor.cpp; sourceTree = "SOURCE_ROOT"; };
		8E546C88C825411DB275974F = { isa = PBXFileReference; lastKnownFileType = sourcecode.c.h; name = midiPCGUIEditor.h; path = ../../Source/midiPCGUIEditor.h; sourceTree = "SOURCE_ROOT"; };
		FD9C6348A1A962EAE94EFD8F = { isa = PBXFileReference; lastKnownFileType = sourcecode.c.h; name = AppConfig.h; path = ../../JuceLibraryCode/AppConfig.h; sourceTree = "SOURCE_ROOT"; };
		A4183AE5B363974A4E6A71EF = { isa = PBXFileReference; lastKnownFileType = sourcecode.c.h; name = JuceHeader.h; path = ../../JuceLibraryCode/JuceHeader.h; sourceTree = "SOURCE_ROOT"; };
		B96A8C980E806A59AE2AC14C = { isa = PBXFileReference; lastKnownFileType = sourcecode.cpp.objcpp; name = JuceLibraryCode1.mm; path = ../../JuceLibraryCode/JuceLibraryCode1.mm; sourceTree = "SOURCE_ROOT"; };
		028055931B7BED8C821E448B = { isa = PBXFileReference; lastKnownFileType = sourcecode.cpp.objcpp; name = JuceLibraryCode2.mm; path = ../../JuceLibraryCode/JuceLibraryCode2.mm; sourceTree = "SOURCE_ROOT"; };
		4CB71E9F285660AF66F1C8CB = { isa = PBXFileReference; lastKnownFileType = sourcecode.cpp.objcpp; name = JuceLibraryCode3.mm; path = ../../JuceLibraryCode/JuceLibraryCode3.mm; sourceTree = "SOURCE_ROOT"; };
		95DEE68A3441D2D33AD54C0A = { isa = PBXFileReference; lastKnownFileType = sourcecode.cpp.objcpp; name = JuceLibraryCode4.mm; path = ../../JuceLibraryCode/JuceLibraryCode4.mm; sourceTree = "SOURCE_ROOT"; };
		7725F113D968B5B4B8DD6372 = { isa = PBXFileReference; lastKnownFileType = sourcecode.c.h; name = JucePluginCharacteristics.h; path = ../../JuceLibraryCode/JucePluginCharacteristics.h; sourceTree = "SOURCE_ROOT"; };
		381A6664E9FD462A13BD8E06 = { isa = PBXFileReference; lastKnownFileType = sourcecode.cpp.cpp; name = "juce_VST_Wrapper.cpp"; path = "../../../../juce/src/audio/plugin_client/VST/juce_VST_Wrapper.cpp"; sourceTree = "SOURCE_ROOT"; };
		768376B6E3DB141DDF5EFF63 = { isa = PBXFileReference; lastKnownFileType = sourcecode.cpp.objcpp; name = "juce_VST_Wrapper.mm"; path = "../../../../juce/src/audio/plugin_client/VST/juce_VST_Wrapper.mm"; sourceTree = "SOURCE_ROOT"; };
		38211D01071E8D7B7D03DCBD = { isa = PBXFileReference; lastKnownFileType = file.r; name = "juce_AU_Resources.r"; path = "../../../../juce/src/audio/plugin_client/AU/juce_AU_Resources.r"; sourceTree = "SOURCE_ROOT"; };
		B960B67616416D543252C09C = { isa = PBXFileReference; lastKnownFileType = sourcecode.cpp.objcpp; name = "juce_AU_Wrapper.mm"; path = "../../../../juce/src/audio/plugin_client/AU/juce_AU_Wrapper.mm"; sourceTree = "SOURCE_ROOT"; };
		08776C675B15D1FC177E397A = { isa = PBXFileReference; lastKnownFileType = sourcecode.c.h; name = CADebugMacros.h; path = Extras/CoreAudio/PublicUtility/CADebugMacros.h; sourceTree = "DEVELOPER_DIR"; };
		04C1792D3F984409A44B8EA7 = { isa = PBXFileReference; lastKnownFileType = sourcecode.cpp.cpp; name = CAAUParameter.cpp; path = Extras/CoreAudio/PublicUtility/CAAUParameter.cpp; sourceTree = "DEVELOPER_DIR"; };
		4676FF3367282B0D3EE93CE8 = { isa = PBXFileReference; lastKnownFileType = sourcecode.c.h; name = CAAUParameter.h; path = Extras/CoreAudio/PublicUtility/CAAUParameter.h; sourceTree = "DEVELOPER_DIR"; };
		D08D302AC21CEBF95DEE68A3 = { isa = PBXFileReference; lastKnownFileType = sourcecode.cpp.cpp; name = CAAudioChannelLayout.cpp; path = Extras/CoreAudio/PublicUtility/CAAudioChannelLayout.cpp; sourceTree = "DEVELOPER_DIR"; };
		CC26B12477DD3EF0D861DF9D = { isa = PBXFileReference; lastKnownFileType = sourcecode.c.h; name = CAAudioChannelLayout.h; path = Extras/CoreAudio/PublicUtility/CAAudioChannelLayout.h; sourceTree = "DEVELOPER_DIR"; };
		F908188A8AEA8DA663F67869 = { isa = PBXFileReference; lastKnownFileType = sourcecode.cpp.cpp; name = CAMutex.cpp; path = Extras/CoreAudio/PublicUtility/CAMutex.cpp; sourceTree = "DEVELOPER_DIR"; };
		FA9E378EBD7EE63EF72124F3 = { isa = PBXFileReference; lastKnownFileType = sourcecode.c.h; name = CAMutex.h; path = Extras/CoreAudio/PublicUtility/CAMutex.h; sourceTree = "DEVELOPER_DIR"; };
		CD51A625A3AFC0ABB82404B9 = { isa = PBXFileReference; lastKnownFileType = sourcecode.cpp.cpp; name = CAStreamBasicDescription.cpp; path = Extras/CoreAudio/PublicUtility/CAStreamBasicDescription.cpp; sourceTree = "DEVELOPER_DIR"; };
		0DD084C9F2D4F78134CB1EFE = { isa = PBXFileReference; lastKnownFileType = sourcecode.c.h; name = CAStreamBasicDescription.h; path = Extras/CoreAudio/PublicUtility/CAStreamBasicDescription.h; sourceTree = "DEVELOPER_DIR"; };
		C80870C14976B89B53D1579A = { isa = PBXFileReference; lastKnownFileType = sourcecode.c.h; name = CAVectorUnitTypes.h; path = Extras/CoreAudio/PublicUtility/CAVectorUnitTypes.h; sourceTree = "DEVELOPER_DIR"; };
		D8A3B524E7E4F3497F029982 = { isa = PBXFileReference; lastKnownFileType = sourcecode.cpp.cpp; name = CAVectorUnit.cpp; path = Extras/CoreAudio/PublicUtility/CAVectorUnit.cpp; sourceTree = "DEVELOPER_DIR"; };
		5E538F33A1B40A8EF01AD06A = { isa = PBXFileReference; lastKnownFileType = sourcecode.c.h; name = CAVectorUnit.h; path = Extras/CoreAudio/PublicUtility/CAVectorUnit.h; sourceTree = "DEVELOPER_DIR"; };
		7A9A31FC1AE8FB238FAE995E = { isa = PBXFileReference; lastKnownFileType = sourcecode.c.h; name = AUViewLocalizedStringKeys.h; path = Extras/CoreAudio/AudioUnits/AUPublic/AUViewBase/AUViewLocalizedStringKeys.h; sourceTree = "DEVELOPER_DIR"; };
		04365F4B8D571C7DE43FB314 = { isa = PBXFileReference; lastKnownFileType = sourcecode.cpp.cpp; name = AUCarbonViewDispatch.cpp; path = Extras/CoreAudio/AudioUnits/AUPublic/AUCarbonViewBase/AUCarbonViewDispatch.cpp; sourceTree = "DEVELOPER_DIR"; };
		BF4622FCE02CACB073D9703B = { isa = PBXFileReference; lastKnownFileType = sourcecode.cpp.cpp; name = AUCarbonViewControl.cpp; path = Extras/CoreAudio/AudioUnits/AUPublic/AUCarbonViewBase/AUCarbonViewControl.cpp; sourceTree = "DEVELOPER_DIR"; };
		5DBECABD3241BAD47E1C7ACD = { isa = PBXFileReference; lastKnownFileType = sourcecode.c.h; name = AUCarbonViewControl.h; path = Extras/CoreAudio/AudioUnits/AUPublic/AUCarbonViewBase/AUCarbonViewControl.h; sourceTree = "DEVELOPER_DIR"; };
		81905DE6F6986AADA07D0CB8 = { isa = PBXFileReference; lastKnownFileType = sourcecode.cpp.cpp; name = CarbonEventHandler.cpp; path = Extras/CoreAudio/AudioUnits/AUPublic/AUCarbonViewBase/CarbonEventHandler.cpp; sourceTree = "DEVELOPER_DIR"; };
		3CD9F8C6F6A3C0CF91624691 = { isa = PBXFileReference; lastKnownFileType = sourcecode.c.h; name = CarbonEventHandler.h; path = Extras/CoreAudio/AudioUnits/AUPublic/AUCarbonViewBase/CarbonEventHandler.h; sourceTree = "DEVELOPER_DIR"; };
		4A1DE6DFAADBE90080549D94 = { isa = PBXFileReference; lastKnownFileType = sourcecode.cpp.cpp; name = AUCarbonViewBase.cpp; path = Extras/CoreAudio/AudioUnits/AUPublic/AUCarbonViewBase/AUCarbonViewBase.cpp; sourceTree = "DEVELOPER_DIR"; };
		88F383A785B4876198C5B019 = { isa = PBXFileReference; lastKnownFileType = sourcecode.c.h; name = AUCarbonViewBase.h; path = Extras/CoreAudio/AudioUnits/AUPublic/AUCarbonViewBase/AUCarbonViewBase.h; sourceTree = "DEVELOPER_DIR"; };
		421D5F29661F3B2CC7EB9777 = { isa = PBXFileReference; lastKnownFileType = sourcecode.cpp.cpp; name = AUBase.cpp; path = Extras/CoreAudio/AudioUnits/AUPublic/AUBase/AUBase.cpp; sourceTree = "DEVELOPER_DIR"; };
		44F95A6D894082B8D309741F = { isa = PBXFileReference; lastKnownFileType = sourcecode.c.h; name = AUBase.h; path = Extras/CoreAudio/AudioUnits/AUPublic/AUBase/AUBase.h; sourceTree = "DEVELOPER_DIR"; };
		FB2C1705ACE9CB823D63AC45 = { isa = PBXFileReference; lastKnownFileType = sourcecode.cpp.cpp; name = AUDispatch.cpp; path = Extras/CoreAudio/AudioUnits/AUPublic/AUBase/AUDispatch.cpp; sourceTree = "DEVELOPER_DIR"; };
		111D8AFC12877B2F13044384 = { isa = PBXFileReference; lastKnownFileType = sourcecode.c.h; name = AUDispatch.h; path = Extras/CoreAudio/AudioUnits/AUPublic/AUBase/AUDispatch.h; sourceTree = "DEVELOPER_DIR"; };
		99194C54D862E34DC50001D5 = { isa = PBXFileReference; lastKnownFileType = sourcecode.cpp.cpp; name = AUInputElement.cpp; path = Extras/CoreAudio/AudioUnits/AUPublic/AUBase/AUInputElement.cpp; sourceTree = "DEVELOPER_DIR"; };
		3FE0637A61E54758FC0CF3CF = { isa = PBXFileReference; lastKnownFileType = sourcecode.c.h; name = AUInputElement.h; path = Extras/CoreAudio/AudioUnits/AUPublic/AUBase/AUInputElement.h; sourceTree = "DEVELOPER_DIR"; };
		E34ED755C46705DE17211DA9 = { isa = PBXFileReference; lastKnownFileType = sourcecode.cpp.cpp; name = AUOutputElement.cpp; path = Extras/CoreAudio/AudioUnits/AUPublic/AUBase/AUOutputElement.cpp; sourceTree = "DEVELOPER_DIR"; };
		E0662B6646CECE8E260CD374 = { isa = PBXFileReference; lastKnownFileType = sourcecode.c.h; name = AUOutputElement.h; path = Extras/CoreAudio/AudioUnits/AUPublic/AUBase/AUOutputElement.h; sourceTree = "DEVELOPER_DIR"; };
		CB3D1EA125E6495FAF3EF974 = { isa = PBXFileReference; lastKnownFileType = file.r; name = AUResources.r; path = Extras/CoreAudio/AudioUnits/AUPublic/AUBase/AUResources.r; sourceTree = "DEVELOPER_DIR"; };
		416246D399D2F600DDCB518B = { isa = PBXFileReference; lastKnownFileType = sourcecode.cpp.cpp; name = AUScopeElement.cpp; path = Extras/CoreAudio/AudioUnits/AUPublic/AUBase/AUScopeElement.cpp; sourceTree = "DEVELOPER_DIR"; };
		AD5185787D41EBFE88D64FC5 = { isa = PBXFileReference; lastKnownFileType = sourcecode.c.h; name = AUScopeElement.h; path = Extras/CoreAudio/AudioUnits/AUPublic/AUBase/AUScopeElement.h; sourceTree = "DEVELOPER_DIR"; };
		F975F3E60D2FD7966B8C7F92 = { isa = PBXFileReference; lastKnownFileType = sourcecode.cpp.cpp; name = ComponentBase.cpp; path = Extras/CoreAudio/AudioUnits/AUPublic/AUBase/ComponentBase.cpp; sourceTree = "DEVELOPER_DIR"; };
		3DC073A4A6ABDE8B575C9C6B = { isa = PBXFileReference; lastKnownFileType = sourcecode.c.h; name = ComponentBase.h; path = Extras/CoreAudio/AudioUnits/AUPublic/AUBase/ComponentBase.h; sourceTree = "DEVELOPER_DIR"; };
		09438FB78AA441C09439D4C5 = { isa = PBXFileReference; lastKnownFileType = sourcecode.cpp.cpp; name = AUMIDIBase.cpp; path = Extras/CoreAudio/AudioUnits/AUPublic/OtherBases/AUMIDIBase.cpp; sourceTree = "DEVELOPER_DIR"; };
		A1D187683339A7F9E9C5547F = { isa = PBXFileReference; lastKnownFileType = sourcecode.c.h; name = AUMIDIBase.h; path = Extras/CoreAudio/AudioUnits/AUPublic/OtherBases/AUMIDIBase.h; sourceTree = "DEVELOPER_DIR"; };
		8F43F1092DB93A214F88A512 = { isa = PBXFileReference; lastKnownFileType = sourcecode.cpp.cpp; name = AUMIDIEffectBase.cpp; path = Extras/CoreAudio/AudioUnits/AUPublic/OtherBases/AUMIDIEffectBase.cpp; sourceTree = "DEVELOPER_DIR"; };
		C7CE56A65CC1A09413BAC133 = { isa = PBXFileReference; lastKnownFileType = sourcecode.c.h; name = AUMIDIEffectBase.h; path = Extras/CoreAudio/AudioUnits/AUPublic/OtherBases/AUMIDIEffectBase.h; sourceTree = "DEVELOPER_DIR"; };
		24C3D1AC1D952C984DD6E3EC = { isa = PBXFileReference; lastKnownFileType = sourcecode.cpp.cpp; name = AUOutputBase.cpp; path = Extras/CoreAudio/AudioUnits/AUPublic/OtherBases/AUOutputBase.cpp; sourceTree = "DEVELOPER_DIR"; };
		6A8A6DFB7D999243F310E954 = { isa = PBXFileReference; lastKnownFileType = sourcecode.c.h; name = AUOutputBase.h; path = Extras/CoreAudio/AudioUnits/AUPublic/OtherBases/AUOutputBase.h; sourceTree = "DEVELOPER_DIR"; };
		0BE67CF0B0AE128E4B83507A = { isa = PBXFileReference; lastKnownFileType = sourcecode.cpp.cpp; name = MusicDeviceBase.cpp; path = Extras/CoreAudio/AudioUnits/AUPublic/OtherBases/MusicDeviceBase.cpp; sourceTree = "DEVELOPER_DIR"; };
		AB23DC99FAD1DB95942F57D7 = { isa = PBXFileReference; lastKnownFileType = sourcecode.c.h; name = MusicDeviceBase.h; path = Extras/CoreAudio/AudioUnits/AUPublic/OtherBases/MusicDeviceBase.h; sourceTree = "DEVELOPER_DIR"; };
		F665E05EB16E6F269A1ED0B5 = { isa = PBXFileReference; lastKnownFileType = sourcecode.cpp.cpp; name = AUEffectBase.cpp; path = Extras/CoreAudio/AudioUnits/AUPublic/OtherBases/AUEffectBase.cpp; sourceTree = "DEVELOPER_DIR"; };
		F688E76C3E6A83C7F9ACEF1A = { isa = PBXFileReference; lastKnownFileType = sourcecode.c.h; name = AUEffectBase.h; path = Extras/CoreAudio/AudioUnits/AUPublic/OtherBases/AUEffectBase.h; sourceTree = "DEVELOPER_DIR"; };
		BD1AD3AB974F728CDFC714D7 = { isa = PBXFileReference; lastKnownFileType = sourcecode.cpp.cpp; name = AUBuffer.cpp; path = Extras/CoreAudio/AudioUnits/AUPublic/Utility/AUBuffer.cpp; sourceTree = "DEVELOPER_DIR"; };
		1ACE923FA63584DA3DC9F454 = { isa = PBXFileReference; lastKnownFileType = sourcecode.c.h; name = AUBuffer.h; path = Extras/CoreAudio/AudioUnits/AUPublic/Utility/AUBuffer.h; sourceTree = "DEVELOPER_DIR"; };
		FD7195A3E37EEAA84C016F07 = { isa = PBXFileReference; lastKnownFileType = sourcecode.cpp.cpp; name = AUDebugDispatcher.cpp; path = Extras/CoreAudio/AudioUnits/AUPublic/Utility/AUDebugDispatcher.cpp; sourceTree = "DEVELOPER_DIR"; };
		757F95B082CEAC4C1F96C41C = { isa = PBXFileReference; lastKnownFileType = sourcecode.c.h; name = AUDebugDispatcher.h; path = Extras/CoreAudio/AudioUnits/AUPublic/Utility/AUDebugDispatcher.h; sourceTree = "DEVELOPER_DIR"; };
		16EC316E65B479644F090193 = { isa = PBXFileReference; lastKnownFileType = sourcecode.c.h; name = AUInputFormatConverter.h; path = Extras/CoreAudio/AudioUnits/AUPublic/Utility/AUInputFormatConverter.h; sourceTree = "DEVELOPER_DIR"; };
		5DAD7285C940741EE67EF66D = { isa = PBXFileReference; lastKnownFileType = sourcecode.c.h; name = AUSilentTimeout.h; path = Extras/CoreAudio/AudioUnits/AUPublic/Utility/AUSilentTimeout.h; sourceTree = "DEVELOPER_DIR"; };
		8AF48F313E698EBBF4E9111B = { isa = PBXFileReference; lastKnownFileType = sourcecode.c.h; name = AUTimestampGenerator.h; path = Extras/CoreAudio/AudioUnits/AUPublic/Utility/AUTimestampGenerator.h; sourceTree = "DEVELOPER_DIR"; };
		4B8BA9C8F80FE058550F308E = { isa = PBXGroup; children = (
				E43D4A56011456E0203ECCDB,
				ABFE3737F7E0879976A6EE6A,
				4985282BD942A945A908F5E0,
				D381F351AF017618191546D2,
				AC26E858208B5EB3E456CDFE,
				9B2942610BA422BC2703EA1B,
				E93312B036DEEF0BE50232C8,
				8E546C88C825411DB275974F ); name = Source; sourceTree = "<group>"; };
		5B83189B69AA9B25F3C363A0 = { isa = PBXGroup; children = (
				FD9C6348A1A962EAE94EFD8F,
				A4183AE5B363974A4E6A71EF,
				B96A8C980E806A59AE2AC14C,
				028055931B7BED8C821E448B,
				4CB71E9F285660AF66F1C8CB,
				95DEE68A3441D2D33AD54C0A,
				7725F113D968B5B4B8DD6372 ); name = "Juce Library Code"; sourceTree = "<group>"; };
		4F9C67A8EA8FDEA0C82701FD = { isa = PBXGroup; children = (
				381A6664E9FD462A13BD8E06,
				768376B6E3DB141DDF5EFF63 ); name = "Juce VST Wrapper"; sourceTree = "<group>"; };
		BF45A1214D7B67A30BEF3D05 = { isa = PBXGroup; children = (
				08776C675B15D1FC177E397A,
				04C1792D3F984409A44B8EA7,
				4676FF3367282B0D3EE93CE8,
				D08D302AC21CEBF95DEE68A3,
				CC26B12477DD3EF0D861DF9D,
				F908188A8AEA8DA663F67869,
				FA9E378EBD7EE63EF72124F3,
				CD51A625A3AFC0ABB82404B9,
				0DD084C9F2D4F78134CB1EFE,
				C80870C14976B89B53D1579A,
				D8A3B524E7E4F3497F029982,
				5E538F33A1B40A8EF01AD06A,
				7A9A31FC1AE8FB238FAE995E,
				04365F4B8D571C7DE43FB314,
				BF4622FCE02CACB073D9703B,
				5DBECABD3241BAD47E1C7ACD,
				81905DE6F6986AADA07D0CB8,
				3CD9F8C6F6A3C0CF91624691,
				4A1DE6DFAADBE90080549D94,
				88F383A785B4876198C5B019,
				421D5F29661F3B2CC7EB9777,
				44F95A6D894082B8D309741F,
				FB2C1705ACE9CB823D63AC45,
				111D8AFC12877B2F13044384,
				99194C54D862E34DC50001D5,
				3FE0637A61E54758FC0CF3CF,
				E34ED755C46705DE17211DA9,
				E0662B6646CECE8E260CD374,
				CB3D1EA125E6495FAF3EF974,
				416246D399D2F600DDCB518B,
				AD5185787D41EBFE88D64FC5,
				F975F3E60D2FD7966B8C7F92,
				3DC073A4A6ABDE8B575C9C6B,
				09438FB78AA441C09439D4C5,
				A1D187683339A7F9E9C5547F,
				8F43F1092DB93A214F88A512,
				C7CE56A65CC1A09413BAC133,
				24C3D1AC1D952C984DD6E3EC,
				6A8A6DFB7D999243F310E954,
				0BE67CF0B0AE128E4B83507A,
				AB23DC99FAD1DB95942F57D7,
				F665E05EB16E6F269A1ED0B5,
				F688E76C3E6A83C7F9ACEF1A,
				BD1AD3AB974F728CDFC714D7,
				1ACE923FA63584DA3DC9F454,
				FD7195A3E37EEAA84C016F07,
				757F95B082CEAC4C1F96C41C,
				16EC316E65B479644F090193,
				5DAD7285C940741EE67EF66D,
				8AF48F313E698EBBF4E9111B ); name = "Apple AU Files"; sourceTree = "<group>"; };
		F92BC1AE0EECFF07F77DF06A = { isa = PBXGroup; children = (
				38211D01071E8D7B7D03DCBD,
				B960B67616416D543252C09C,
				BF45A1214D7B67A30BEF3D05 ); name = "Juce AU Wrapper"; sourceTree = "<group>"; };
		1FF1987FCD17C063C4D768C1 = { isa = PBXGroup; children = (
				19F1AEBEB2DA96D1D9F60E4F ); name = Resources; sourceTree = "<group>"; };
		23AF4E44A480625B34241323 = { isa = PBXGroup; children = (
				398B712B97F865CC0DD0926D,
				78D1F0113D2AA657DE0F5DF1,
				3A4D14959F11E7FA0A36EF3D,
				E99813BD1A5AE3086794B5C2,
				10635295AF567E8769447F6A,
				A94E3B0E79D1809C5E1BF1A8,
				DAD180FFAA4C328B8DD67232,
				944D130BA7C52CA19BF77667,
				58FB3958E134D52FABD8C10E,
				5C93B074AE764178D117D4CF,
				FF28F9E780EDEFCE0EC86B2A,
				8AC105E25E5AE1190D110B61,
				7361A33ED4BF9D9B4B921D49,
				BBA2DBBF70AAC5C5D9524B6A,
				8AC105E25E5AE1190D110B61 ); name = Frameworks; sourceTree = "<group>"; };
		3EA51BC003C0DD921E29678F = { isa = PBXGroup; children = (
				371D3FBC81A35CD109584AC1 ); name = Products; sourceTree = "<group>"; };
		770812488E28A19E267CC0C6 = { isa = PBXGroup; children = (
				4B8BA9C8F80FE058550F308E,
				5B83189B69AA9B25F3C363A0,
				4F9C67A8EA8FDEA0C82701FD,
				F92BC1AE0EECFF07F77DF06A,
				1FF1987FCD17C063C4D768C1,
				23AF4E44A480625B34241323,
				3EA51BC003C0DD921E29678F ); name = Source; sourceTree = "<group>"; };
		03CFF2E987224D20282CE510 = { isa = XCBuildConfiguration; buildSettings = {
				PREBINDING = NO;
				HEADER_SEARCH_PATHS = "~/SDKs/vstsdk2.4 ../../JuceLibraryCode $(DEVELOPER_DIR)/Extras/CoreAudio/PublicUtility $(DEVELOPER_DIR)/Extras/CoreAudio/AudioUnits/AUPublic/Utility $(inherited)";
				GCC_OPTIMIZATION_LEVEL = 0;
				INFOPLIST_FILE = Info.plist;
				LIBRARY_STYLE = Bundle;
				INSTALL_PATH = "$(HOME)/Library/Audio/Plug-Ins/Components/";
				WRAPPER_EXTENSION = component;
				GENERATE_PKGINFO_FILE = YES;
				OTHER_REZFLAGS = "-d ppc_$ppc -d i386_$i386 -d ppc64_$ppc64 -d x86_64_$x86_64 -I /System/Library/Frameworks/CoreServices.framework/Frameworks/CarbonCore.framework/Versions/A/Headers -I \"$(DEVELOPER_DIR)/Extras/CoreAudio/AudioUnits/AUPublic/AUBase\"";
				MACOSX_DEPLOYMENT_TARGET_ppc = 10.4;
				OTHER_LDFLAGS = "-bundle";
				ONLY_ACTIVE_ARCH = YES;
				COPY_PHASE_STRIP = NO;
				GCC_DYNAMIC_NO_PIC = NO;
				GCC_ENABLE_FIX_AND_CONTINUE = NO;
				GCC_PREPROCESSOR_DEFINITIONS = (
				"_DEBUG=1",
				"DEBUG=1",
				"JUCE_ObjCExtraSuffix=midiPCGUI_1.2.0",
				"PIZMIDI",
				"_CRT_SECURE_NO_WARNINGS",
				"JUCER_XCODE_MAC_F6D2F4CF=1"); }; name = Debug; };
		9C5B7B5CA18AD21A3E7873E7 = { isa = XCBuildConfiguration; buildSettings = {
				PREBINDING = NO;
				HEADER_SEARCH_PATHS = "~/SDKs/vstsdk2.4 ../../JuceLibraryCode $(DEVELOPER_DIR)/Extras/CoreAudio/PublicUtility $(DEVELOPER_DIR)/Extras/CoreAudio/AudioUnits/AUPublic/Utility $(inherited)";
				GCC_OPTIMIZATION_LEVEL = s;
				INFOPLIST_FILE = Info.plist;
				LIBRARY_STYLE = Bundle;
				INSTALL_PATH = "$(HOME)/Library/Audio/Plug-Ins/Components/";
				WRAPPER_EXTENSION = component;
				GENERATE_PKGINFO_FILE = YES;
				OTHER_REZFLAGS = "-d ppc_$ppc -d i386_$i386 -d ppc64_$ppc64 -d x86_64_$x86_64 -I /System/Library/Frameworks/CoreServices.framework/Frameworks/CarbonCore.framework/Versions/A/Headers -I \"$(DEVELOPER_DIR)/Extras/CoreAudio/AudioUnits/AUPublic/AUBase\"";
				MACOSX_DEPLOYMENT_TARGET_ppc = 10.4;
				OTHER_LDFLAGS = "-bundle";
				GCC_GENERATE_DEBUGGING_SYMBOLS = NO;
				GCC_SYMBOLS_PRIVATE_EXTERN = YES;
				GCC_PREPROCESSOR_DEFINITIONS = (
				"_NDEBUG=1",
				"NDEBUG=1",
				"JUCE_ObjCExtraSuffix=midiPCGUI_1.2.0",
				"PIZMIDI",
				"_CRT_SECURE_NO_WARNINGS",
				"JUCER_XCODE_MAC_F6D2F4CF=1"); }; name = Release; };
		8E0E3A16662442194717F8A4 = { isa = XCBuildConfiguration; buildSettings = {
				ALWAYS_SEARCH_USER_PATHS = NO;
				GCC_C_LANGUAGE_STANDARD = c99;
				GCC_WARN_ABOUT_RETURN_TYPE = YES;
				GCC_WARN_CHECK_SWITCH_STATEMENTS = YES;
				GCC_WARN_UNUSED_VARIABLE = YES;
				GCC_WARN_MISSING_PARENTHESES = YES;
				GCC_WARN_NON_VIRTUAL_DESTRUCTOR = YES;
				GCC_WARN_TYPECHECK_CALLS_TO_PRINTF = YES;
				WARNING_CFLAGS = -Wreorder;
				GCC_MODEL_TUNING = G5;
				GCC_INLINES_ARE_PRIVATE_EXTERN = YES;
				ZERO_LINK = NO;
				DEBUG_INFORMATION_FORMAT = "dwarf";
				PRODUCT_NAME = "midiPCGUI debug"; }; name = Debug; };
		7194FC714FEB549F6CF50AB8 = { isa = XCBuildConfiguration; buildSettings = {
				ALWAYS_SEARCH_USER_PATHS = NO;
				GCC_C_LANGUAGE_STANDARD = c99;
				GCC_WARN_ABOUT_RETURN_TYPE = YES;
				GCC_WARN_CHECK_SWITCH_STATEMENTS = YES;
				GCC_WARN_UNUSED_VARIABLE = YES;
				GCC_WARN_MISSING_PARENTHESES = YES;
				GCC_WARN_NON_VIRTUAL_DESTRUCTOR = YES;
				GCC_WARN_TYPECHECK_CALLS_TO_PRINTF = YES;
				WARNING_CFLAGS = -Wreorder;
				GCC_MODEL_TUNING = G5;
				GCC_INLINES_ARE_PRIVATE_EXTERN = YES;
				ZERO_LINK = NO;
				DEBUG_INFORMATION_FORMAT = "dwarf";
				PRODUCT_NAME = "midiPCGUI"; }; name = Release; };
		3986953CD2F07805B975D581 = { isa = XCConfigurationList; buildConfigurations = (
				8E0E3A16662442194717F8A4,
				7194FC714FEB549F6CF50AB8 ); defaultConfigurationIsVisible = 0; defaultConfigurationName = Debug; };
		D1C9B277B253215D5885FA75 = { isa = XCConfigurationList; buildConfigurations = (
				03CFF2E987224D20282CE510,
				9C5B7B5CA18AD21A3E7873E7 ); defaultConfigurationIsVisible = 0; defaultConfigurationName = Debug; };
		BCF8C36F2B9B45FEB6C66F3A = { isa = PBXResourcesBuildPhase; buildActionMask = 2147483647; files = (  ); runOnlyForDeploymentPostprocessing = 0; };
		3F27602A33DDC9C225017F67 = { isa = PBXRezBuildPhase; buildActionMask = 2147483647; files = (
				FE77C7186E81570638784E18 ); runOnlyForDeploymentPostprocessing = 0; };
		899FBFCEFA865F5B20D8A3E6 = { isa = PBXSourcesBuildPhase; buildActionMask = 2147483647; files = (
				4A2D3634CDF62227FF72B428,
				D4F54B62137FFC84F0D0B526,
				6E3788DEEE4583D333747B4C,
				26C5136838AD24D2AC75B27E,
				216654999823FFDAA52FD856,
				3DFC643A74EFC5E2C0F41D51,
				498374CB50AA9CFAFAD9616C,
				4519846C2C75520224BEA567,
				92598938109D82261C12EF5C,
				87E81567EBA449466A954925,
				7F2F0CE497B42CACDAD6462C,
				5F7D029AF7D9B3C2AAA7D5C9,
				DFCE4011449A77250FA7B057,
				8358F59872153E2B93552998,
				DAB5E5452DF8F91208B6C47B,
				8DC4CA60933FF3D69B3E67F3,
				4F2B7EB3DD1CBEB1FAC1351E,
				5AE8D5B172CE56B22A567DDF,
				1914858C1B716294B847B39F,
				AF88E68085D27CADAA5A219B,
				3691CC5D0B421C673610394F,
				13E12213AD7B4BEB28A31BEA,
				C740C47D816D7B2FE1842CBD,
				4292FD511DF0E2C264517717,
				9DBD429BD93486485C401292,
				2C7BA5FEE69AACB4AF19874D,
				660D8DD84207482BF6E3DAFF,
				08990B53C690B741BB8C3C64,
				91C43B4AE475789C5280E351,
				3A1CBBC1F0A8759ACE7907F2,
				D35FE9427C9E2C25C44CDFC5,
				76CE722B53BDEA70F3FD89CE,
				8859213D90BD0B04C5EEB3D6 ); runOnlyForDeploymentPostprocessing = 0; };
		3DB4E017D3729973A9AA92E8 = { isa = PBXFrameworksBuildPhase; buildActionMask = 2147483647; files = (
				A00BD894FD5DF8735CC9BA48,
				EC2FA3E780B7539374525BB6,
				375C055FCBEAE9B40533E79D,
				77D0BE651212AE1E7F608E60,
				FB8DF1568AFAB5F34277B4A8,
				1B532489B15B6DDC166C101C,
				516F4FD58448BEA6BCA698C4,
				CFA73F9631134B94CB9E17C7,
				001F9D389DA1913A62297D71,
				C8F5C29782F2A876914697CC,
				5385161897D7E09EE395E305,
				44027437A3D266C83D00DDD3,
				F32E23587EF8E5ABBBE49EF1,
				7DAFD4F893898EAF9EC62026,
				44027437A3D266C83D00DDD3 ); runOnlyForDeploymentPostprocessing = 0; };
		AEFEB3360056A9F97FA823B3 = { isa = PBXShellScriptBuildPhase; buildActionMask = 2147483647; files = (  ); runOnlyForDeploymentPostprocessing = 0; name = "Copy to the different plugin folders"; shellPath = /bin/sh; shellScript = "\n# This script takes the build product and copies it to the AU, VST, and RTAS folders, depending on \n# which plugin types you've built\n\noriginal=$CONFIGURATION_BUILD_DIR/$FULL_PRODUCT_NAME\n\n# this looks inside the binary to detect which platforms are needed.. \ncopyAU=`nm -g \"$CONFIGURATION_BUILD_DIR/$EXECUTABLE_PATH\" | grep -i 'AudioUnit' | wc -l`\ncopyVST=`nm -g \"$CONFIGURATION_BUILD_DIR/$EXECUTABLE_PATH\" | grep -i 'VSTPlugin' | wc -l`\ncopyRTAS=`nm -g \"$CONFIGURATION_BUILD_DIR/$EXECUTABLE_PATH\" | grep -i 'CProcess' | wc -l`\n\nif [ $copyAU -gt 0 ]; then\n  echo \"Copying to AudioUnit folder...\"\n  AU=~/Library/Audio/Plug-Ins/Components/$PRODUCT_NAME.component\n  if [ -d \"$AU\" ]; then \n    rm -r \"$AU\"\n  fi\n\n  cp -r \"$original\" \"$AU\"\n  sed -i \"\" -e 's/TDMwPTul/BNDLPTul/g' \"$AU/Contents/PkgInfo\"\n  sed -i \"\" -e 's/TDMw/BNDL/g' \"$AU/Contents/$INFOPLIST_FILE\"\nfi\n\nif [ $copyVST -gt 0 ]; then\n  echo \"Copying to VST folder...\"\n  VST=~/Library/Audio/Plug-Ins/VST/$PRODUCT_NAME.vst\n  if [ -d \"$VST\" ]; then \n    rm -r \"$VST\"\n  fi\n\n  cp -r \"$original\" \"$VST\"\n  sed -i \"\" -e 's/TDMwPTul/BNDLPTul/g' \"$VST/Contents/PkgInfo\"\n  sed -i \"\" -e 's/TDMw/BNDL/g' \"$VST/Contents/$INFOPLIST_FILE\"\nfi\n\nif [ $copyRTAS -gt 0 ]; then\n  echo \"Copying to RTAS folder...\"\n  RTAS=/Library/Application\\ Support/Digidesign/Plug-Ins/$PRODUCT_NAME.dpm\n  if [ -d \"$RTAS\" ]; then\n    rm -r \"$RTAS\"\n  fi\n\n  cp -r \"$original\" \"$RTAS\"\nfi\n"; };
		01C0392A7806BE91EA350EA5 = { isa = PBXNativeTarget; buildConfigurationList = D1C9B277B253215D5885FA75; buildPhases = (
				BCF8C36F2B9B45FEB6C66F3A,
				3F27602A33DDC9C225017F67,
				899FBFCEFA865F5B20D8A3E6,
				3DB4E017D3729973A9AA92E8,
				AEFEB3360056A9F97FA823B3 ); buildRules = ( ); dependencies = ( ); name = midiPCGUI; productName = midiPCGUI; productReference = 371D3FBC81A35CD109584AC1; productInstallPath = "$(HOME)/Library/Audio/Plug-Ins/Components/"; productType = "com.apple.product-type.bundle"; };
		FC69DC73691CDC82463A33FD = { isa = PBXProject; buildConfigurationList = 3986953CD2F07805B975D581; compatibilityVersion = "Xcode 3.1"; hasScannedForEncodings = 0; mainGroup = 770812488E28A19E267CC0C6; projectDirPath = ""; projectRoot = ""; targets = ( 01C0392A7806BE91EA350EA5 ); };
	};
	rootObject = FC69DC73691CDC82463A33FD;
}
