<?xml version="1.0" encoding="utf-8"?>
<Project ToolsVersion="4.0" xmlns="http://schemas.microsoft.com/developer/msbuild/2003">
  <ItemGroup>
    <Filter Include="Source Files">
      <UniqueIdentifier>{4FC737F1-C7A5-4376-A066-2A32D752A2FF}</UniqueIdentifier>
      <Extensions>cpp;c;cc;cxx;def;odl;idl;hpj;bat;asm;asmx</Extensions>
    </Filter>
    <Filter Include="Source Files\vst2.x">
      <UniqueIdentifier>{dc5308d4-7976-4b06-b983-7f869bcdb658}</UniqueIdentifier>
    </Filter>
    <Filter Include="Interfaces">
      <UniqueIdentifier>{d933c413-5a43-4433-bf11-ea5d2f4cd00b}</UniqueIdentifier>
    </Filter>
    <Filter Include="Source Files\PizMidi">
      <UniqueIdentifier>{5d3ed19d-9677-4e9d-90e8-37739727fb27}</UniqueIdentifier>
    </Filter>
  </ItemGroup>
  <ItemGroup>
    <ClInclude Include="XT2Transport.hpp">
      <Filter>Source Files</Filter>
    </ClInclude>
    <ClInclude Include="..\..\..\..\pluginterfaces\vst2.x\aeffect.h">
      <Filter>Interfaces</Filter>
    </ClInclude>
    <ClInclude Include="..\..\..\..\pluginterfaces\vst2.x\aeffectx.h">
      <Filter>Interfaces</Filter>
    </ClInclude>
    <ClInclude Include="..\..\..\..\pluginterfaces\vst2.x\vstfxstore.h">
      <Filter>Interfaces</Filter>
    </ClInclude>
    <ClInclude Include="..\common\MIDI.h">
      <Filter>Source Files\PizMidi</Filter>
    </ClInclude>
    <ClInclude Include="..\common\PizMidi.h">
      <Filter>Source Files\PizMidi</Filter>
    </ClInclude>
    <ClInclude Include="..\common\pizvstbase.h">
      <Filter>Source Files\PizMidi</Filter>
    </ClInclude>
    <ClInclude Include="PizPluginInfo.h" />
  </ItemGroup>
  <ItemGroup>
    <ClCompile Include="XT2Transport.cpp">
      <Filter>Source Files</Filter>
    </ClCompile>
    <ClCompile Include="..\..\vstsdk2.4\public.sdk\source\vst2.x\audioeffect.cpp">
      <Filter>Source Files\vst2.x</Filter>
    </ClCompile>
    <ClCompile Include="..\..\vstsdk2.4\public.sdk\source\vst2.x\audioeffectx.cpp">
      <Filter>Source Files\vst2.x</Filter>
    </ClCompile>
    <ClCompile Include="..\common\PizMidi.cpp">
      <Filter>Source Files\PizMidi</Filter>
    </ClCompile>
    <ClCompile Include="..\common\vstplugmain.cpp">
      <Filter>Source Files\PizMidi</Filter>
    </ClCompile>
  </ItemGroup>
</Project>