Microsoft Visual Studio Solution File, Format Version 11.00
# Visual Studio 2010
Project("{DE7BC3BF-926E-71C3-F977-549CAA6B38EA}") = "midiChords", "midiChords.vcxproj", "{C536205E-C9B8-B564-FD30-F7DBC510FC29}"
EndProject
Global
	GlobalSection(SolutionConfigurationPlatforms) = preSolution
		Debug|Win32 = Debug|Win32
		Release|Win32 = Release|Win32
		Release (x64)|x64 = Release (x64)|x64
	EndGlobalSection
	GlobalSection(ProjectConfigurationPlatforms) = postSolution
		{C536205E-C9B8-B564-FD30-F7DBC510FC29}.Debug|Win32.ActiveCfg = Debug|Win32
		{C536205E-C9B8-B564-FD30-F7DBC510FC29}.Debug|Win32.Build.0 = Debug|Win32
		{C536205E-C9B8-B564-FD30-F7DBC510FC29}.Release|Win32.ActiveCfg = Release|Win32
		{C536205E-C9B8-B564-FD30-F7DBC510FC29}.Release|Win32.Build.0 = Release|Win32
		{C536205E-C9B8-B564-FD30-F7DBC510FC29}.Release (x64)|x64.ActiveCfg = Release (x64)|x64
		{C536205E-C9B8-B564-FD30-F7DBC510FC29}.Release (x64)|x64.Build.0 = Release (x64)|x64
	EndGlobalSection
	GlobalSection(SolutionProperties) = preSolution
		HideSolutionNode = FALSE
	EndGlobalSection
EndGlobal
